PODS:
  - Expecta (0.2.3)
  - OCHamcrest (3.0.1)
  - OCLogTemplate (1.0)
  - OCMockito (1.1.0):
    - OCHamcrest (~> 3.0)
  - RaptureXML (1.0.1)
  - Typhoon (1.5.5)

DEPENDENCIES:
  - Expecta (~> 0.2.1)
  - OCHamcrest
  - OCLogTemplate
  - OCMockito
  - RaptureXML
  - Typhoon

SPEC CHECKSUMS:
  Expecta: dbc4a27fabb853bdd2e907e33f11ee43a9a47d0c
  OCHamcrest: 782c52ae8c673e5d6060a65005cfd26d20d519ba
  OCLogTemplate: d448f0a0c7e34e715e0400fc04c6bd871b8c17f4
  OCMockito: 317fa0cf75c9b0d73d2be335789c556537be7fd2
  RaptureXML: ef017fda62eb95c60300108366d1f0cd0c28cbd4
  Typhoon: d7e8670687d9fdf0afaa8d1a600783c2423c5abc

COCOAPODS: 0.28.0
