// !$*UTF8*$!
{
	archiveVersion = 1;
	classes = {
	};
	objectVersion = 46;
	objects = {

/* Begin PBXBuildFile section */
		6B9FABC016FEA9D800BABD3D /* Default.png in Resources */ = {isa = PBXBuildFile; fileRef = 6B9FABBE16FEA9D800BABD3D /* Default.png */; };
		6B9FABC116FEA9D800BABD3D /* Default.png in Resources */ = {isa = PBXBuildFile; fileRef = 6B9FABBE16FEA9D800BABD3D /* Default.png */; };
		6B9FABC216FEA9D800BABD3D /* Default@2x.png in Resources */ = {isa = PBXBuildFile; fileRef = 6B9FABBF16FEA9D800BABD3D /* Default@2x.png */; };
		6B9FABC316FEA9D800BABD3D /* Default@2x.png in Resources */ = {isa = PBXBuildFile; fileRef = 6B9FABBF16FEA9D800BABD3D /* Default@2x.png */; };
		6B9FABC516FEB04500BABD3D /* Icon@2x.png in Resources */ = {isa = PBXBuildFile; fileRef = 6B9FABC416FEB04500BABD3D /* Icon@2x.png */; };
		6B9FABC616FEB04500BABD3D /* Icon@2x.png in Resources */ = {isa = PBXBuildFile; fileRef = 6B9FABC416FEB04500BABD3D /* Icon@2x.png */; };
		6BA1400315B16B110071C7A0 /* QuartzCore.framework in Frameworks */ = {isa = PBXBuildFile; fileRef = 6BA1400215B16B110071C7A0 /* QuartzCore.framework */; };
		6BC40C7016A2E05100A3C48E /* CoreGraphics.framework in Frameworks */ = {isa = PBXBuildFile; fileRef = 6BE9745715AF01A3004472E2 /* CoreGraphics.framework */; };
		6BE9230A15B29E56002EF310 /* PFCityDaoUserDefaultsImpl.m in Sources */ = {isa = PBXBuildFile; fileRef = 6BE9230615B29E56002EF310 /* PFCityDaoUserDefaultsImpl.m */; };
		6BE9230B15B29E56002EF310 /* PFWeatherReportDaoFileSystemImpl.m in Sources */ = {isa = PBXBuildFile; fileRef = 6BE9230915B29E56002EF310 /* PFWeatherReportDaoFileSystemImpl.m */; };
		6BE9745415AF01A3004472E2 /* UIKit.framework in Frameworks */ = {isa = PBXBuildFile; fileRef = 6BE9745315AF01A3004472E2 /* UIKit.framework */; };
		6BE9745615AF01A3004472E2 /* Foundation.framework in Frameworks */ = {isa = PBXBuildFile; fileRef = 6BE9745515AF01A3004472E2 /* Foundation.framework */; };
		6BE9745815AF01A3004472E2 /* CoreGraphics.framework in Frameworks */ = {isa = PBXBuildFile; fileRef = 6BE9745715AF01A3004472E2 /* CoreGraphics.framework */; };
		6BE9745E15AF01A3004472E2 /* InfoPlist.strings in Resources */ = {isa = PBXBuildFile; fileRef = 6BE9745C15AF01A3004472E2 /* InfoPlist.strings */; };
		6BE9746015AF01A3004472E2 /* main.m in Sources */ = {isa = PBXBuildFile; fileRef = 6BE9745F15AF01A3004472E2 /* main.m */; };
		6BE9746415AF01A3004472E2 /* PFAppDelegate.m in Sources */ = {isa = PBXBuildFile; fileRef = 6BE9746315AF01A3004472E2 /* PFAppDelegate.m */; };
		6BE9747215AF01A3004472E2 /* SenTestingKit.framework in Frameworks */ = {isa = PBXBuildFile; fileRef = 6BE9747115AF01A3004472E2 /* SenTestingKit.framework */; };
		6BE9747315AF01A3004472E2 /* UIKit.framework in Frameworks */ = {isa = PBXBuildFile; fileRef = 6BE9745315AF01A3004472E2 /* UIKit.framework */; };
		6BE9747415AF01A3004472E2 /* Foundation.framework in Frameworks */ = {isa = PBXBuildFile; fileRef = 6BE9745515AF01A3004472E2 /* Foundation.framework */; };
		6BE9747C15AF01A3004472E2 /* InfoPlist.strings in Resources */ = {isa = PBXBuildFile; fileRef = 6BE9747A15AF01A3004472E2 /* InfoPlist.strings */; };
		6BEE7ACE1699961F0042D0B5 /* OCHamcrestIOS.framework in Frameworks */ = {isa = PBXBuildFile; fileRef = 6BEE7ACD1699961F0042D0B5 /* OCHamcrestIOS.framework */; };
		6BEE7B201699975D0042D0B5 /* RXMLElement+PFWeatherReport.m in Sources */ = {isa = PBXBuildFile; fileRef = BA798E33D2995015037E6DE5 /* RXMLElement+PFWeatherReport.m */; };
		6BEE7B21169997620042D0B5 /* PFWeatherClientBasicImpl.m in Sources */ = {isa = PBXBuildFile; fileRef = BA798ACA3067E7098E5C0A06 /* PFWeatherClientBasicImpl.m */; };
		6BEE7B22169997680042D0B5 /* PFAppDelegate.m in Sources */ = {isa = PBXBuildFile; fileRef = 6BE9746315AF01A3004472E2 /* PFAppDelegate.m */; };
		6BEE7B23169997720042D0B5 /* PFCityDaoUserDefaultsImpl.m in Sources */ = {isa = PBXBuildFile; fileRef = 6BE9230615B29E56002EF310 /* PFCityDaoUserDefaultsImpl.m */; };
		6BEE7B24169997750042D0B5 /* PFWeatherReportDaoFileSystemImpl.m in Sources */ = {isa = PBXBuildFile; fileRef = 6BE9230915B29E56002EF310 /* PFWeatherReportDaoFileSystemImpl.m */; };
		6BEE7B251699977A0042D0B5 /* PFForecastConditions.m in Sources */ = {isa = PBXBuildFile; fileRef = BA7987CC3C49F06FABB2BECF /* PFForecastConditions.m */; };
		6BEE7B261699977E0042D0B5 /* PFTemperature.m in Sources */ = {isa = PBXBuildFile; fileRef = BA798B1EF321D3252A608028 /* PFTemperature.m */; };
		6BEE7B27169997800042D0B5 /* PFCurrentConditions.m in Sources */ = {isa = PBXBuildFile; fileRef = BA798FEB5D10A22F3AC1C5D8 /* PFCurrentConditions.m */; };
		6BEE7B28169997830042D0B5 /* PFWeatherReport.m in Sources */ = {isa = PBXBuildFile; fileRef = BA7987478471BA92A0518862 /* PFWeatherReport.m */; };
		BA798002C7B631863CCC9C1B /* ViewControllers.xml in Resources */ = {isa = PBXBuildFile; fileRef = BA798D218A848E055FB5F6CB /* ViewControllers.xml */; };
		BA79801D8E4F2971E599D24C /* ViewControllers.xml in Resources */ = {isa = PBXBuildFile; fileRef = BA798D218A848E055FB5F6CB /* ViewControllers.xml */; };
		BA7980B84E636274BB2D9F89 /* icon_stormy@2x.png in Resources */ = {isa = PBXBuildFile; fileRef = BA798386C46D4F082497CCBB /* icon_stormy@2x.png */; };
		BA7980C5EEFBEF778B9E828D /* PFForecastTableViewCell.h in CopyFiles */ = {isa = PBXBuildFile; fileRef = BA798CAD4A4D871788DC4EB6 /* PFForecastTableViewCell.h */; };
		BA7981088FA218ECD034170C /* PFWeatherClientBasicImpl.m in Sources */ = {isa = PBXBuildFile; fileRef = BA798ACA3067E7098E5C0A06 /* PFWeatherClientBasicImpl.m */; };
		BA7981261B5929B6EA923BD4 /* PFWeatherReportViewController.m in Sources */ = {isa = PBXBuildFile; fileRef = BA798945DD532BA1BD7FE30A /* PFWeatherReportViewController.m */; };
		BA7981432F539328213E14B9 /* icon_cloudy.png in Resources */ = {isa = PBXBuildFile; fileRef = BA798E6B7BCCED2C5A113449 /* icon_cloudy.png */; };
		BA79816D9D9A069828A92239 /* PFThemeProvider.m in Sources */ = {isa = PBXBuildFile; fileRef = BA79857A9F27E1B9AD8F3A95 /* PFThemeProvider.m */; };
		BA7981AF874ACB6C0FC6F7F4 /* bg3@2x.png in Resources */ = {isa = PBXBuildFile; fileRef = BA7983FC5295E1248DF73C06 /* bg3@2x.png */; };
		BA7981C412299394E6158330 /* CoreComponents.xml in Resources */ = {isa = PBXBuildFile; fileRef = BA7987ED54F252A869A45D85 /* CoreComponents.xml */; };
		BA7981D19BEB3B55DABF9ECE /* sunset@2x.png in Resources */ = {isa = PBXBuildFile; fileRef = BA798AC9E07F264D97ACA770 /* sunset@2x.png */; };
		BA7981DC11B1519DABA991CB /* sunset.png in Resources */ = {isa = PBXBuildFile; fileRef = BA7982FD0093CF803EE283AE /* sunset.png */; };
		BA79820179A4C7B8C43BC1BF /* Icon.png in Resources */ = {isa = PBXBuildFile; fileRef = BA7986D22B15C65F246F8705 /* Icon.png */; };
		BA798226B94C1135F8514958 /* cell_fade@2x.png in Resources */ = {isa = PBXBuildFile; fileRef = BA7983B6A0DD71DD6BD78B58 /* cell_fade@2x.png */; };
		BA79826AA2CA705457FBBA32 /* VarelaRound-Regular.otf in Resources */ = {isa = PBXBuildFile; fileRef = BA7983F2134358A4E02D50EA /* VarelaRound-Regular.otf */; };
		BA79826C1FDA74AFD7DE1593 /* PFProgressHUD.m in Sources */ = {isa = PBXBuildFile; fileRef = BA7982E36985C2B98D7F709A /* PFProgressHUD.m */; };
		BA798276304602804042C918 /* RXMLElement_PFWeatherReportSpec.m in Sources */ = {isa = PBXBuildFile; fileRef = BA798EE7FC647ED03B050115 /* RXMLElement_PFWeatherReportSpec.m */; };
		BA79827D3E07696EC89D5B4B /* Default-568h@2x.png in Resources */ = {isa = PBXBuildFile; fileRef = BA79849E8B7E0932CE3BCD1B /* Default-568h@2x.png */; };
		BA7982AB92D80DBF0BC2E1B8 /* loader-bg.png in Resources */ = {isa = PBXBuildFile; fileRef = BA7981C5D7F087328A9CC853 /* loader-bg.png */; };
		BA7982C1B1F1DB140D34225A /* PFWeatherReportDaoTests.m in Sources */ = {isa = PBXBuildFile; fileRef = BA79853AB5AA71AA4689A849 /* PFWeatherReportDaoTests.m */; };
		BA7982CBC9735A99B7719FCA /* icon_partly_cloudy@2x.png in Resources */ = {isa = PBXBuildFile; fileRef = BA798FABE8F822F7C4C37589 /* icon_partly_cloudy@2x.png */; };
		BA79831DAB57B1F0736F960C /* icon_sunny.png in Resources */ = {isa = PBXBuildFile; fileRef = BA798253399A5FEC6A52CFCA /* icon_sunny.png */; };
		BA7983310436F7ED629C7F11 /* PFWeatherReportView.m in Sources */ = {isa = PBXBuildFile; fileRef = BA798312A8E6D9B8F302DCCB /* PFWeatherReportView.m */; };
		BA798343E93DFA08479EE28A /* cell_fade@2x.png in Resources */ = {isa = PBXBuildFile; fileRef = BA7983B6A0DD71DD6BD78B58 /* cell_fade@2x.png */; };
		BA79834B5169137324403E8C /* bg3.png in Resources */ = {isa = PBXBuildFile; fileRef = BA798AD5669A020612B839CA /* bg3.png */; };
		BA798358F55EBAC8EE9A4C11 /* loader-dot@2x.png in Resources */ = {isa = PBXBuildFile; fileRef = BA798184A69B08B5A95639DE /* loader-dot@2x.png */; };
		BA7983738A2E8A5B215F5556 /* icon_windy@2x.png in Resources */ = {isa = PBXBuildFile; fileRef = BA7989A03B709D5789A1ACE2 /* icon_windy@2x.png */; };
		BA7983A84F71D0AA1FFDB2E1 /* bg5.png in Resources */ = {isa = PBXBuildFile; fileRef = BA7985380591D97A53DD10EA /* bg5.png */; };
		BA7983B8CE23657F38B953E7 /* icon_stormy.png in Resources */ = {isa = PBXBuildFile; fileRef = BA7988F4AB80D4FD96C0E415 /* icon_stormy.png */; };
		BA7983C1CCA9D60C5E76A0C2 /* icon_stormy@2x.png in Resources */ = {isa = PBXBuildFile; fileRef = BA798386C46D4F082497CCBB /* icon_stormy@2x.png */; };
		BA7983CE879250DCEAC5E132 /* bg5-568h@2x.png in Resources */ = {isa = PBXBuildFile; fileRef = BA7981A0F0B7E0735109ABD3 /* bg5-568h@2x.png */; };
		BA7983D9D89BC9024B1FCB17 /* PFAddCityViewController.m in Sources */ = {isa = PBXBuildFile; fileRef = BA798C7B558024C0786FA923 /* PFAddCityViewController.m */; };
		BA7983EE216543B4E6EA7B3C /* bg4.png in Resources */ = {isa = PBXBuildFile; fileRef = BA798C8773496CD7E3A95CA6 /* bg4.png */; };
		BA79840B7E9635B319BD482A /* UIFont+ApplicationFonts.m in Sources */ = {isa = PBXBuildFile; fileRef = BA798AFF8F7ED2C2BAA5DEB6 /* UIFont+ApplicationFonts.m */; };
		BA7984496F8871AEBA128A25 /* bg5-568h@2x.png in Resources */ = {isa = PBXBuildFile; fileRef = BA7981A0F0B7E0735109ABD3 /* bg5-568h@2x.png */; };
		BA798479CEF2F6CFA15C8587 /* PFForecastTableViewCell.m in Sources */ = {isa = PBXBuildFile; fileRef = BA798EE55B711367BC250ADC /* PFForecastTableViewCell.m */; };
		BA798499E35DC29B45B47A1C /* bg4@2x.png in Resources */ = {isa = PBXBuildFile; fileRef = BA79820A0DFD6D50563F87BC /* bg4@2x.png */; };
		BA79849D9158294255206480 /* CoreComponents.xml in Resources */ = {isa = PBXBuildFile; fileRef = BA7987ED54F252A869A45D85 /* CoreComponents.xml */; };
		BA7984A375CD08424E27EB80 /* PFWeatherReportView.m in Sources */ = {isa = PBXBuildFile; fileRef = BA798312A8E6D9B8F302DCCB /* PFWeatherReportView.m */; };
		BA7984CF7CDF6DC46EAFB736 /* VarelaRound-Regular.otf in Resources */ = {isa = PBXBuildFile; fileRef = BA7983F2134358A4E02D50EA /* VarelaRound-Regular.otf */; };
		BA7984FEB595CF405DD8D8E5 /* PFWeatherReportViewController.m in Sources */ = {isa = PBXBuildFile; fileRef = BA798945DD532BA1BD7FE30A /* PFWeatherReportViewController.m */; };
		BA7984FF0A9F73DF0DFC0610 /* PFCityLabelTableViewCell.h in CopyFiles */ = {isa = PBXBuildFile; fileRef = BA798C0F599C2103DE4A0316 /* PFCityLabelTableViewCell.h */; };
		BA79857C298E03EC870EC5CE /* Configuration.properties in Resources */ = {isa = PBXBuildFile; fileRef = BA798954410F86A5232E1ED2 /* Configuration.properties */; };
		BA79858C78885801CE6C4A73 /* icon_sunny@2x.png in Resources */ = {isa = PBXBuildFile; fileRef = BA7984DEDAA150FBEE6C95AE /* icon_sunny@2x.png */; };
		BA798591227D17C710EF6EBA /* PFTemperatureTests.m in Sources */ = {isa = PBXBuildFile; fileRef = BA798955F01A0DA6516C878C /* PFTemperatureTests.m */; };
		BA7985AA12F02833B47C9953 /* bg4-568h@2x.png in Resources */ = {isa = PBXBuildFile; fileRef = BA7983C21E1C454CE757BCD6 /* bg4-568h@2x.png */; };
		BA7985AED9BB535CBF1CF426 /* Themes.xml in Resources */ = {isa = PBXBuildFile; fileRef = BA7986EE0DA233A82CAF9067 /* Themes.xml */; };
		BA7985BD57A6F911C135B167 /* temperature_circle@2x.png in Resources */ = {isa = PBXBuildFile; fileRef = BA79890A042F3EF38A97A758 /* temperature_circle@2x.png */; };
		BA7985CD4B2D4332CB0C3135 /* Questrial-Regular.otf in Resources */ = {isa = PBXBuildFile; fileRef = BA798E9E3746332B48394016 /* Questrial-Regular.otf */; };
		BA7985D554ACC51A6379EADC /* PFViewControllers.m in Sources */ = {isa = PBXBuildFile; fileRef = BA79872397E3BD83FDCEE810 /* PFViewControllers.m */; };
		BA7985DDFC13965C2EDE6776 /* PFAddCityViewController.m in Sources */ = {isa = PBXBuildFile; fileRef = BA798C7B558024C0786FA923 /* PFAddCityViewController.m */; };
		BA798607C95F754C2CD7BFA2 /* bg3-568h@2x.png in Resources */ = {isa = PBXBuildFile; fileRef = BA79875DE5CE201282E6D700 /* bg3-568h@2x.png */; };
		BA79860FEC9AC1CECD9B31DE /* PFWeatherReportViewDelegate.h in CopyFiles */ = {isa = PBXBuildFile; fileRef = BA79805C0A0C2453D9AF3841 /* PFWeatherReportViewDelegate.h */; };
		BA798655FF08CCF03AAFAEC7 /* icon_windy@2x.png in Resources */ = {isa = PBXBuildFile; fileRef = BA7989A03B709D5789A1ACE2 /* icon_windy@2x.png */; };
		BA798678B3CE9F383FBA4623 /* Themes.xml in Resources */ = {isa = PBXBuildFile; fileRef = BA7986EE0DA233A82CAF9067 /* Themes.xml */; };
		BA7986AB075E6D8D0F4CAC55 /* bg5.png in Resources */ = {isa = PBXBuildFile; fileRef = BA7985380591D97A53DD10EA /* bg5.png */; };
		BA7986AD4FEED10C82D5ADFC /* icon_windy.png in Resources */ = {isa = PBXBuildFile; fileRef = BA79841E09AFC834B5DB666E /* icon_windy.png */; };
		BA7986BD2EB00D94B8CBD789 /* icon_rainy.png in Resources */ = {isa = PBXBuildFile; fileRef = BA798BBF4F91EF53D782E574 /* icon_rainy.png */; };
		BA7986CE4ED7D4B5CCF029CE /* sunset@2x.png in Resources */ = {isa = PBXBuildFile; fileRef = BA798AC9E07F264D97ACA770 /* sunset@2x.png */; };
		BA7986DE689AB91DD96B43B8 /* loader-dot.png in Resources */ = {isa = PBXBuildFile; fileRef = BA798607FFF7BAB6B7106B72 /* loader-dot.png */; };
		BA7986E3294B5ED967A4C148 /* loader-bg@2x.png in Resources */ = {isa = PBXBuildFile; fileRef = BA7981D29055E7DFE238D2B1 /* loader-bg@2x.png */; };
		BA798711EE4D26A67AB61DE4 /* PFForecastConditions.m in Sources */ = {isa = PBXBuildFile; fileRef = BA7987CC3C49F06FABB2BECF /* PFForecastConditions.m */; };
		BA7987170FCB82D10186BD1A /* PFProgressHUD.m in Sources */ = {isa = PBXBuildFile; fileRef = BA7982E36985C2B98D7F709A /* PFProgressHUD.m */; };
		BA7987510DCA61EC53A55897 /* icon_rainy.png in Resources */ = {isa = PBXBuildFile; fileRef = BA798BBF4F91EF53D782E574 /* icon_rainy.png */; };
		BA79878C74D6FC5636199E60 /* loader-dot.png in Resources */ = {isa = PBXBuildFile; fileRef = BA798607FFF7BAB6B7106B72 /* loader-dot.png */; };
		BA79879F1CEE83F038081C53 /* CitiesList.xib in Resources */ = {isa = PBXBuildFile; fileRef = BA7989DC41BCE0FC73A7C518 /* CitiesList.xib */; };
		BA79882BDEEABC5F7C635589 /* icon_sunny@2x.png in Resources */ = {isa = PBXBuildFile; fileRef = BA7984DEDAA150FBEE6C95AE /* icon_sunny@2x.png */; };
		BA798873E9DA8CEE34984273 /* PFTemperature.m in Sources */ = {isa = PBXBuildFile; fileRef = BA798B1EF321D3252A608028 /* PFTemperature.m */; };
		BA798897B89720C95EFCCD5E /* PFThemeProvider.m in Sources */ = {isa = PBXBuildFile; fileRef = BA79857A9F27E1B9AD8F3A95 /* PFThemeProvider.m */; };
		BA7988B3536883BF19E7CC65 /* PFCoreComponents.h in CopyFiles */ = {isa = PBXBuildFile; fileRef = BA798B65425B75C52D3D6F1A /* PFCoreComponents.h */; };
		BA7988B4C6492066F2440A11 /* PFCityLabelTableViewCell.m in Sources */ = {isa = PBXBuildFile; fileRef = BA79831FB69C01468CCE157A /* PFCityLabelTableViewCell.m */; };
		BA7988BE2CA52AE73D4BB6F2 /* PFCoreComponents.m in Sources */ = {isa = PBXBuildFile; fileRef = BA798346AEEA08622CB82928 /* PFCoreComponents.m */; };
		BA7988C50F17E0C5C9796BEB /* PFTheme.m in Sources */ = {isa = PBXBuildFile; fileRef = BA798B0AB010ADE20EF1CF44 /* PFTheme.m */; };
		BA798932263C88CAE1030072 /* Default-568h@2x.png in Resources */ = {isa = PBXBuildFile; fileRef = BA79849E8B7E0932CE3BCD1B /* Default-568h@2x.png */; };
		BA79896916B3EA70C74B2833 /* PFForecastTableViewCell.m in Sources */ = {isa = PBXBuildFile; fileRef = BA798EE55B711367BC250ADC /* PFForecastTableViewCell.m */; };
		BA7989FB9D72895BE06997FA /* PFThemeFactory.m in Sources */ = {isa = PBXBuildFile; fileRef = BA79874E4B94F869CE8051B5 /* PFThemeFactory.m */; };
		BA798A54EBB46BF31180EAB1 /* PFTheme.m in Sources */ = {isa = PBXBuildFile; fileRef = BA798B0AB010ADE20EF1CF44 /* PFTheme.m */; };
		BA798A9708B0163CBA69E00B /* PFCityLabelTableViewCell.m in Sources */ = {isa = PBXBuildFile; fileRef = BA79831FB69C01468CCE157A /* PFCityLabelTableViewCell.m */; };
		BA798ABAFC147B5F1512E654 /* icon_partly_cloudy.png in Resources */ = {isa = PBXBuildFile; fileRef = BA7980D610AB0AE04C4A3E99 /* icon_partly_cloudy.png */; };
		BA798AC561C2A665396A5D15 /* sunset-568h@2x.png in Resources */ = {isa = PBXBuildFile; fileRef = BA79881332BAAF14FBA016C4 /* sunset-568h@2x.png */; };
		BA798ACA8D54255FF6D367D2 /* icon_rainy@2x.png in Resources */ = {isa = PBXBuildFile; fileRef = BA798162CA41E6D4902A2BD5 /* icon_rainy@2x.png */; };
		BA798AE967680E4C6D984092 /* icon_stormy.png in Resources */ = {isa = PBXBuildFile; fileRef = BA7988F4AB80D4FD96C0E415 /* icon_stormy.png */; };
		BA798AEDFC11905236E98CE3 /* PFCitiesListViewController.m in Sources */ = {isa = PBXBuildFile; fileRef = BA798D757661C56D7B6A49BD /* PFCitiesListViewController.m */; };
		BA798B05BFE968110CD32813 /* UIFont+ApplicationFonts.m in Sources */ = {isa = PBXBuildFile; fileRef = BA798AFF8F7ED2C2BAA5DEB6 /* UIFont+ApplicationFonts.m */; };
		BA798B069F04F841189A2775 /* bg3@2x.png in Resources */ = {isa = PBXBuildFile; fileRef = BA7983FC5295E1248DF73C06 /* bg3@2x.png */; };
		BA798B4A56CBB75FC5ADF57E /* bg5@2x.png in Resources */ = {isa = PBXBuildFile; fileRef = BA798D1B491EAE11E8515805 /* bg5@2x.png */; };
		BA798B53A5FB4EE516BA0547 /* bg3-568h@2x.png in Resources */ = {isa = PBXBuildFile; fileRef = BA79875DE5CE201282E6D700 /* bg3-568h@2x.png */; };
		BA798B717FF47F1C41E3B473 /* Questrial-Regular.otf in Resources */ = {isa = PBXBuildFile; fileRef = BA798E9E3746332B48394016 /* Questrial-Regular.otf */; };
		BA798B9D3C5173A63A792E27 /* PFThemeFactory.m in Sources */ = {isa = PBXBuildFile; fileRef = BA79874E4B94F869CE8051B5 /* PFThemeFactory.m */; };
		BA798BC6AE76A4AB403C3CC2 /* PFCitiesListViewController.m in Sources */ = {isa = PBXBuildFile; fileRef = BA798D757661C56D7B6A49BD /* PFCitiesListViewController.m */; };
		BA798BD20E9AD59DCED10715 /* PFCityDoaTests.m in Sources */ = {isa = PBXBuildFile; fileRef = BA798EC033265E30559E1216 /* PFCityDoaTests.m */; };
		BA798C0BFABE1A0F58FB8651 /* icon_sunny.png in Resources */ = {isa = PBXBuildFile; fileRef = BA798253399A5FEC6A52CFCA /* icon_sunny.png */; };
		BA798C217A1573AF81A1391B /* WebColors.h in CopyFiles */ = {isa = PBXBuildFile; fileRef = BA798A024407C194DFC20E5C /* WebColors.h */; };
		BA798C438364562217A0A185 /* loader-dot@2x.png in Resources */ = {isa = PBXBuildFile; fileRef = BA798184A69B08B5A95639DE /* loader-dot@2x.png */; };
		BA798C66FD8B122E5E9F358F /* icon_cloudy@2x.png in Resources */ = {isa = PBXBuildFile; fileRef = BA798DB9D6A187392B3C07C1 /* icon_cloudy@2x.png */; };
		BA798C717F0FB458BF71743F /* bg3.png in Resources */ = {isa = PBXBuildFile; fileRef = BA798AD5669A020612B839CA /* bg3.png */; };
		BA798CBD4204102A990F871D /* sunset-568h@2x.png in Resources */ = {isa = PBXBuildFile; fileRef = BA79881332BAAF14FBA016C4 /* sunset-568h@2x.png */; };
		BA798CC56BF649127B173D19 /* AddCity.xib in Resources */ = {isa = PBXBuildFile; fileRef = BA798C2EBA35DCFC44E9F6CD /* AddCity.xib */; };
		BA798CC96A8610C2266A544E /* icon_partly_cloudy@2x.png in Resources */ = {isa = PBXBuildFile; fileRef = BA798FABE8F822F7C4C37589 /* icon_partly_cloudy@2x.png */; };
		BA798CD2C01837FD3E6B9167 /* RXMLElement+PFWeatherReport.m in Sources */ = {isa = PBXBuildFile; fileRef = BA798E33D2995015037E6DE5 /* RXMLElement+PFWeatherReport.m */; };
		BA798CD6D23ACE87BFC6DAA4 /* PFWeatherReport.m in Sources */ = {isa = PBXBuildFile; fileRef = BA7987478471BA92A0518862 /* PFWeatherReport.m */; };
		BA798CEE5480399D8DC61BB1 /* cell_fade.png in Resources */ = {isa = PBXBuildFile; fileRef = BA798CD5EC96425F648C2CCF /* cell_fade.png */; };
		BA798CFBF46EB10AC945B816 /* PFCurrentConditions.m in Sources */ = {isa = PBXBuildFile; fileRef = BA798FEB5D10A22F3AC1C5D8 /* PFCurrentConditions.m */; };
		BA798D3A2D8741F4582B9347 /* bg4.png in Resources */ = {isa = PBXBuildFile; fileRef = BA798C8773496CD7E3A95CA6 /* bg4.png */; };
		BA798D6BBCF9D91180BCEF58 /* sunset.png in Resources */ = {isa = PBXBuildFile; fileRef = BA7982FD0093CF803EE283AE /* sunset.png */; };
		BA798D6E0CD0A4F5A3573D00 /* loader-bg.png in Resources */ = {isa = PBXBuildFile; fileRef = BA7981C5D7F087328A9CC853 /* loader-bg.png */; };
		BA798D7829AA98FC2948FED2 /* PFCoreComponents.m in Sources */ = {isa = PBXBuildFile; fileRef = BA798346AEEA08622CB82928 /* PFCoreComponents.m */; };
		BA798D97A97B46BA3A44A899 /* icon_windy.png in Resources */ = {isa = PBXBuildFile; fileRef = BA79841E09AFC834B5DB666E /* icon_windy.png */; };
		BA798DC0E482FA6C6807D438 /* icon_partly_cloudy.png in Resources */ = {isa = PBXBuildFile; fileRef = BA7980D610AB0AE04C4A3E99 /* icon_partly_cloudy.png */; };
		BA798DC2968472C4AA604971 /* loader-bg@2x.png in Resources */ = {isa = PBXBuildFile; fileRef = BA7981D29055E7DFE238D2B1 /* loader-bg@2x.png */; };
		BA798DD2EC5EF08317092631 /* bg4-568h@2x.png in Resources */ = {isa = PBXBuildFile; fileRef = BA7983C21E1C454CE757BCD6 /* bg4-568h@2x.png */; };
		BA798DEF7487B4D2DECDB16D /* UIFont+ApplicationFonts.h in CopyFiles */ = {isa = PBXBuildFile; fileRef = BA7980523B805CF697C4D409 /* UIFont+ApplicationFonts.h */; };
		BA798E0566990B85665B89F7 /* PFWeatherClientTests.m in Sources */ = {isa = PBXBuildFile; fileRef = BA798A8B15B6D784A0374F1A /* PFWeatherClientTests.m */; };
		BA798E0723CDD52278ED6ACB /* bg4@2x.png in Resources */ = {isa = PBXBuildFile; fileRef = BA79820A0DFD6D50563F87BC /* bg4@2x.png */; };
		BA798E4EC3AF8C9F54C18CE3 /* temperature_circle@2x.png in Resources */ = {isa = PBXBuildFile; fileRef = BA79890A042F3EF38A97A758 /* temperature_circle@2x.png */; };
		BA798E50E8CFB5D7922B27DD /* PFViewControllers.m in Sources */ = {isa = PBXBuildFile; fileRef = BA79872397E3BD83FDCEE810 /* PFViewControllers.m */; };
		BA798E5E4CB73163221DEBC0 /* cell_fade.png in Resources */ = {isa = PBXBuildFile; fileRef = BA798CD5EC96425F648C2CCF /* cell_fade.png */; };
		BA798E663A7A085466122E15 /* PFRootViewController.m in Sources */ = {isa = PBXBuildFile; fileRef = BA798B04A978C626822DE2BF /* PFRootViewController.m */; };
		BA798E69EBE0DC68032B347D /* Configuration.properties in Resources */ = {isa = PBXBuildFile; fileRef = BA798954410F86A5232E1ED2 /* Configuration.properties */; };
		BA798E82EF7D56A91CE6649A /* temperature_circle.png in Resources */ = {isa = PBXBuildFile; fileRef = BA798AA1DEFB3C8006C73FBB /* temperature_circle.png */; };
		BA798EFDC1DE7FD4BABFFF0C /* PFRootViewController.m in Sources */ = {isa = PBXBuildFile; fileRef = BA798B04A978C626822DE2BF /* PFRootViewController.m */; };
		BA798F3DBF3353B33D121259 /* SampleForecast.xml in Resources */ = {isa = PBXBuildFile; fileRef = BA7987AAC3AB6A8B656FDE00 /* SampleForecast.xml */; };
		BA798F5680D8C60AA176FC02 /* bg5@2x.png in Resources */ = {isa = PBXBuildFile; fileRef = BA798D1B491EAE11E8515805 /* bg5@2x.png */; };
		BA798F71D6CB1AA988242321 /* icon_rainy@2x.png in Resources */ = {isa = PBXBuildFile; fileRef = BA798162CA41E6D4902A2BD5 /* icon_rainy@2x.png */; };
		BA798F762A670912CD8A60DA /* PFWeatherReportView.h in CopyFiles */ = {isa = PBXBuildFile; fileRef = BA798CC8FA97B066BD5DD319 /* PFWeatherReportView.h */; };
		BA798F7C02D6F939EC3FA0B6 /* icon_cloudy.png in Resources */ = {isa = PBXBuildFile; fileRef = BA798E6B7BCCED2C5A113449 /* icon_cloudy.png */; };
		BA798FBE47D1FF07A7FB2A80 /* icon_cloudy@2x.png in Resources */ = {isa = PBXBuildFile; fileRef = BA798DB9D6A187392B3C07C1 /* icon_cloudy@2x.png */; };
		BA798FF48C232351933AAD1D /* temperature_circle.png in Resources */ = {isa = PBXBuildFile; fileRef = BA798AA1DEFB3C8006C73FBB /* temperature_circle.png */; };
		C143266CCB0F4707ABA7FA2C /* libPods-PocketForecastTests.a in Frameworks */ = {isa = PBXBuildFile; fileRef = 609097971E734E02BFBD9A9C /* libPods-PocketForecastTests.a */; };
		DBB2AA070D5C497B95F8C32B /* libPods-PocketForecast.a in Frameworks */ = {isa = PBXBuildFile; fileRef = FD2943E8EFE24EB5B86A64F3 /* libPods-PocketForecast.a */; };
/* End PBXBuildFile section */

/* Begin PBXContainerItemProxy section */
		6BE9747515AF01A3004472E2 /* PBXContainerItemProxy */ = {
			isa = PBXContainerItemProxy;
			containerPortal = 6BE9744615AF01A3004472E2 /* Project object */;
			proxyType = 1;
			remoteGlobalIDString = 6BE9744E15AF01A3004472E2;
			remoteInfo = PocketForecast;
		};
/* End PBXContainerItemProxy section */

/* Begin PBXCopyFilesBuildPhase section */
		6B330B9116997D5300A5083C /* CopyFiles */ = {
			isa = PBXCopyFilesBuildPhase;
			buildActionMask = 2147483647;
			dstPath = "";
			dstSubfolderSpec = 16;
			files = (
				BA7988B3536883BF19E7CC65 /* PFCoreComponents.h in CopyFiles */,
				BA798DEF7487B4D2DECDB16D /* UIFont+ApplicationFonts.h in CopyFiles */,
				BA798F762A670912CD8A60DA /* PFWeatherReportView.h in CopyFiles */,
				BA798C217A1573AF81A1391B /* WebColors.h in CopyFiles */,
				BA7980C5EEFBEF778B9E828D /* PFForecastTableViewCell.h in CopyFiles */,
				BA7984FF0A9F73DF0DFC0610 /* PFCityLabelTableViewCell.h in CopyFiles */,
				BA79860FEC9AC1CECD9B31DE /* PFWeatherReportViewDelegate.h in CopyFiles */,
			);
			runOnlyForDeploymentPostprocessing = 0;
		};
/* End PBXCopyFilesBuildPhase section */

/* Begin PBXFileReference section */
		609097971E734E02BFBD9A9C /* libPods-PocketForecastTests.a */ = {isa = PBXFileReference; explicitFileType = archive.ar; includeInIndex = 0; path = "libPods-PocketForecastTests.a"; sourceTree = BUILT_PRODUCTS_DIR; };
		6B9FABBE16FEA9D800BABD3D /* Default.png */ = {isa = PBXFileReference; lastKnownFileType = image.png; path = Default.png; sourceTree = "<group>"; };
		6B9FABBF16FEA9D800BABD3D /* Default@2x.png */ = {isa = PBXFileReference; lastKnownFileType = image.png; path = "Default@2x.png"; sourceTree = "<group>"; };
		6B9FABC416FEB04500BABD3D /* Icon@2x.png */ = {isa = PBXFileReference; lastKnownFileType = image.png; path = "Icon@2x.png"; sourceTree = "<group>"; };
		6BA1400215B16B110071C7A0 /* QuartzCore.framework */ = {isa = PBXFileReference; lastKnownFileType = wrapper.framework; name = QuartzCore.framework; path = System/Library/Frameworks/QuartzCore.framework; sourceTree = SDKROOT; };
		6BE9230415B29E56002EF310 /* PFCityDao.h */ = {isa = PBXFileReference; fileEncoding = 4; lastKnownFileType = sourcecode.c.h; path = PFCityDao.h; sourceTree = "<group>"; };
		6BE9230515B29E56002EF310 /* PFCityDaoUserDefaultsImpl.h */ = {isa = PBXFileReference; fileEncoding = 4; lastKnownFileType = sourcecode.c.h; path = PFCityDaoUserDefaultsImpl.h; sourceTree = "<group>"; };
		6BE9230615B29E56002EF310 /* PFCityDaoUserDefaultsImpl.m */ = {isa = PBXFileReference; fileEncoding = 4; lastKnownFileType = sourcecode.c.objc; path = PFCityDaoUserDefaultsImpl.m; sourceTree = "<group>"; };
		6BE9230715B29E56002EF310 /* PFWeatherReportDao.h */ = {isa = PBXFileReference; fileEncoding = 4; lastKnownFileType = sourcecode.c.h; path = PFWeatherReportDao.h; sourceTree = "<group>"; };
		6BE9230815B29E56002EF310 /* PFWeatherReportDaoFileSystemImpl.h */ = {isa = PBXFileReference; fileEncoding = 4; lastKnownFileType = sourcecode.c.h; path = PFWeatherReportDaoFileSystemImpl.h; sourceTree = "<group>"; };
		6BE9230915B29E56002EF310 /* PFWeatherReportDaoFileSystemImpl.m */ = {isa = PBXFileReference; fileEncoding = 4; lastKnownFileType = sourcecode.c.objc; path = PFWeatherReportDaoFileSystemImpl.m; sourceTree = "<group>"; };
		6BE9744F15AF01A3004472E2 /* PocketForecast.app */ = {isa = PBXFileReference; explicitFileType = wrapper.application; includeInIndex = 0; path = PocketForecast.app; sourceTree = BUILT_PRODUCTS_DIR; };
		6BE9745315AF01A3004472E2 /* UIKit.framework */ = {isa = PBXFileReference; includeInIndex = 1; lastKnownFileType = wrapper.framework; name = UIKit.framework; path = System/Library/Frameworks/UIKit.framework; sourceTree = SDKROOT; };
		6BE9745515AF01A3004472E2 /* Foundation.framework */ = {isa = PBXFileReference; includeInIndex = 1; lastKnownFileType = wrapper.framework; name = Foundation.framework; path = System/Library/Frameworks/Foundation.framework; sourceTree = SDKROOT; };
		6BE9745715AF01A3004472E2 /* CoreGraphics.framework */ = {isa = PBXFileReference; includeInIndex = 1; lastKnownFileType = wrapper.framework; name = CoreGraphics.framework; path = System/Library/Frameworks/CoreGraphics.framework; sourceTree = SDKROOT; };
		6BE9745B15AF01A3004472E2 /* PocketForecast-Info.plist */ = {isa = PBXFileReference; lastKnownFileType = text.plist.xml; path = "PocketForecast-Info.plist"; sourceTree = "<group>"; };
		6BE9745D15AF01A3004472E2 /* en */ = {isa = PBXFileReference; lastKnownFileType = text.plist.strings; name = en; path = en.lproj/InfoPlist.strings; sourceTree = "<group>"; };
		6BE9745F15AF01A3004472E2 /* main.m */ = {isa = PBXFileReference; lastKnownFileType = sourcecode.c.objc; path = main.m; sourceTree = "<group>"; };
		6BE9746115AF01A3004472E2 /* PocketForecast-Prefix.pch */ = {isa = PBXFileReference; lastKnownFileType = sourcecode.c.h; path = "PocketForecast-Prefix.pch"; sourceTree = "<group>"; };
		6BE9746215AF01A3004472E2 /* PFAppDelegate.h */ = {isa = PBXFileReference; lastKnownFileType = sourcecode.c.h; path = PFAppDelegate.h; sourceTree = "<group>"; };
		6BE9746315AF01A3004472E2 /* PFAppDelegate.m */ = {isa = PBXFileReference; lastKnownFileType = sourcecode.c.objc; path = PFAppDelegate.m; sourceTree = "<group>"; };
		6BE9747015AF01A3004472E2 /* PocketForecastTests.octest */ = {isa = PBXFileReference; explicitFileType = wrapper.cfbundle; includeInIndex = 0; path = PocketForecastTests.octest; sourceTree = BUILT_PRODUCTS_DIR; };
		6BE9747115AF01A3004472E2 /* SenTestingKit.framework */ = {isa = PBXFileReference; includeInIndex = 1; lastKnownFileType = wrapper.framework; name = SenTestingKit.framework; path = Library/Frameworks/SenTestingKit.framework; sourceTree = DEVELOPER_DIR; };
		6BE9747915AF01A3004472E2 /* PocketForecastTests-Info.plist */ = {isa = PBXFileReference; lastKnownFileType = text.plist.xml; path = "PocketForecastTests-Info.plist"; sourceTree = "<group>"; };
		6BE9747B15AF01A3004472E2 /* en */ = {isa = PBXFileReference; lastKnownFileType = text.plist.strings; name = en; path = en.lproj/InfoPlist.strings; sourceTree = "<group>"; };
		6BEE7ACD1699961F0042D0B5 /* OCHamcrestIOS.framework */ = {isa = PBXFileReference; lastKnownFileType = wrapper.framework; name = OCHamcrestIOS.framework; path = ../External/OCHamcrestIOS.framework; sourceTree = "<group>"; };
		BA7980523B805CF697C4D409 /* UIFont+ApplicationFonts.h */ = {isa = PBXFileReference; fileEncoding = 4; lastKnownFileType = sourcecode.c.h; path = "UIFont+ApplicationFonts.h"; sourceTree = "<group>"; };
		BA79805C0A0C2453D9AF3841 /* PFWeatherReportViewDelegate.h */ = {isa = PBXFileReference; fileEncoding = 4; lastKnownFileType = sourcecode.c.h; path = PFWeatherReportViewDelegate.h; sourceTree = "<group>"; };
		BA7980D610AB0AE04C4A3E99 /* icon_partly_cloudy.png */ = {isa = PBXFileReference; lastKnownFileType = image.png; path = icon_partly_cloudy.png; sourceTree = "<group>"; };
		BA79810DC6998A5D91FB537B /* PFTheme.h */ = {isa = PBXFileReference; fileEncoding = 4; lastKnownFileType = sourcecode.c.h; path = PFTheme.h; sourceTree = "<group>"; };
		BA798162CA41E6D4902A2BD5 /* icon_rainy@2x.png */ = {isa = PBXFileReference; lastKnownFileType = image.png; path = "icon_rainy@2x.png"; sourceTree = "<group>"; };
		BA798184A69B08B5A95639DE /* loader-dot@2x.png */ = {isa = PBXFileReference; lastKnownFileType = image.png; path = "loader-dot@2x.png"; sourceTree = "<group>"; };
		BA7981A0F0B7E0735109ABD3 /* bg5-568h@2x.png */ = {isa = PBXFileReference; lastKnownFileType = image.png; path = "bg5-568h@2x.png"; sourceTree = "<group>"; };
		BA7981C5D7F087328A9CC853 /* loader-bg.png */ = {isa = PBXFileReference; lastKnownFileType = image.png; path = "loader-bg.png"; sourceTree = "<group>"; };
		BA7981D29055E7DFE238D2B1 /* loader-bg@2x.png */ = {isa = PBXFileReference; lastKnownFileType = image.png; path = "loader-bg@2x.png"; sourceTree = "<group>"; };
		BA7981F95ADE57DBB6722C39 /* PFWeatherClientBasicImpl.h */ = {isa = PBXFileReference; fileEncoding = 4; lastKnownFileType = sourcecode.c.h; path = PFWeatherClientBasicImpl.h; sourceTree = "<group>"; };
		BA79820A0DFD6D50563F87BC /* bg4@2x.png */ = {isa = PBXFileReference; lastKnownFileType = image.png; path = "bg4@2x.png"; sourceTree = "<group>"; };
		BA798253399A5FEC6A52CFCA /* icon_sunny.png */ = {isa = PBXFileReference; lastKnownFileType = image.png; path = icon_sunny.png; sourceTree = "<group>"; };
		BA7982C482D55B6DE829DC45 /* PFViewControllers.h */ = {isa = PBXFileReference; fileEncoding = 4; lastKnownFileType = sourcecode.c.h; path = PFViewControllers.h; sourceTree = "<group>"; };
		BA7982E36985C2B98D7F709A /* PFProgressHUD.m */ = {isa = PBXFileReference; fileEncoding = 4; lastKnownFileType = sourcecode.c.objc; path = PFProgressHUD.m; sourceTree = "<group>"; };
		BA7982FD0093CF803EE283AE /* sunset.png */ = {isa = PBXFileReference; lastKnownFileType = image.png; path = sunset.png; sourceTree = "<group>"; };
		BA798312A8E6D9B8F302DCCB /* PFWeatherReportView.m */ = {isa = PBXFileReference; fileEncoding = 4; lastKnownFileType = sourcecode.c.objc; path = PFWeatherReportView.m; sourceTree = "<group>"; };
		BA79831FB69C01468CCE157A /* PFCityLabelTableViewCell.m */ = {isa = PBXFileReference; fileEncoding = 4; lastKnownFileType = sourcecode.c.objc; path = PFCityLabelTableViewCell.m; sourceTree = "<group>"; };
		BA7983426BAEC1F75CEBC6C7 /* PFThemeFactory.h */ = {isa = PBXFileReference; fileEncoding = 4; lastKnownFileType = sourcecode.c.h; path = PFThemeFactory.h; sourceTree = "<group>"; };
		BA798346AEEA08622CB82928 /* PFCoreComponents.m */ = {isa = PBXFileReference; fileEncoding = 4; lastKnownFileType = sourcecode.c.objc; path = PFCoreComponents.m; sourceTree = "<group>"; };
		BA798386C46D4F082497CCBB /* icon_stormy@2x.png */ = {isa = PBXFileReference; lastKnownFileType = image.png; path = "icon_stormy@2x.png"; sourceTree = "<group>"; };
		BA7983B6A0DD71DD6BD78B58 /* cell_fade@2x.png */ = {isa = PBXFileReference; lastKnownFileType = image.png; path = "cell_fade@2x.png"; sourceTree = "<group>"; };
		BA7983C21E1C454CE757BCD6 /* bg4-568h@2x.png */ = {isa = PBXFileReference; lastKnownFileType = image.png; path = "bg4-568h@2x.png"; sourceTree = "<group>"; };
		BA7983F2134358A4E02D50EA /* VarelaRound-Regular.otf */ = {isa = PBXFileReference; lastKnownFileType = file.otf; path = "VarelaRound-Regular.otf"; sourceTree = "<group>"; };
		BA7983FC5295E1248DF73C06 /* bg3@2x.png */ = {isa = PBXFileReference; lastKnownFileType = image.png; path = "bg3@2x.png"; sourceTree = "<group>"; };
		BA79841E09AFC834B5DB666E /* icon_windy.png */ = {isa = PBXFileReference; lastKnownFileType = image.png; path = icon_windy.png; sourceTree = "<group>"; };
		BA79849E8B7E0932CE3BCD1B /* Default-568h@2x.png */ = {isa = PBXFileReference; lastKnownFileType = image.png; path = "Default-568h@2x.png"; sourceTree = "<group>"; };
		BA7984DEDAA150FBEE6C95AE /* icon_sunny@2x.png */ = {isa = PBXFileReference; lastKnownFileType = image.png; path = "icon_sunny@2x.png"; sourceTree = "<group>"; };
		BA7985380591D97A53DD10EA /* bg5.png */ = {isa = PBXFileReference; lastKnownFileType = image.png; path = bg5.png; sourceTree = "<group>"; };
		BA79853AB5AA71AA4689A849 /* PFWeatherReportDaoTests.m */ = {isa = PBXFileReference; fileEncoding = 4; lastKnownFileType = sourcecode.c.objc; path = PFWeatherReportDaoTests.m; sourceTree = "<group>"; };
		BA79857A9F27E1B9AD8F3A95 /* PFThemeProvider.m */ = {isa = PBXFileReference; fileEncoding = 4; lastKnownFileType = sourcecode.c.objc; path = PFThemeProvider.m; sourceTree = "<group>"; };
		BA798607FFF7BAB6B7106B72 /* loader-dot.png */ = {isa = PBXFileReference; lastKnownFileType = image.png; path = "loader-dot.png"; sourceTree = "<group>"; };
		BA79869B697659AC289E570D /* Tests.pch */ = {isa = PBXFileReference; fileEncoding = 4; lastKnownFileType = sourcecode.c.h; path = Tests.pch; sourceTree = "<group>"; };
		BA7986D22B15C65F246F8705 /* Icon.png */ = {isa = PBXFileReference; lastKnownFileType = image.png; path = Icon.png; sourceTree = "<group>"; };
		BA7986EE0DA233A82CAF9067 /* Themes.xml */ = {isa = PBXFileReference; fileEncoding = 4; lastKnownFileType = text.xml; path = Themes.xml; sourceTree = "<group>"; };
		BA79872397E3BD83FDCEE810 /* PFViewControllers.m */ = {isa = PBXFileReference; fileEncoding = 4; lastKnownFileType = sourcecode.c.objc; path = PFViewControllers.m; sourceTree = "<group>"; };
		BA7987478471BA92A0518862 /* PFWeatherReport.m */ = {isa = PBXFileReference; fileEncoding = 4; lastKnownFileType = sourcecode.c.objc; path = PFWeatherReport.m; sourceTree = "<group>"; };
		BA79874E4B94F869CE8051B5 /* PFThemeFactory.m */ = {isa = PBXFileReference; fileEncoding = 4; lastKnownFileType = sourcecode.c.objc; path = PFThemeFactory.m; sourceTree = "<group>"; };
		BA79875DE5CE201282E6D700 /* bg3-568h@2x.png */ = {isa = PBXFileReference; lastKnownFileType = image.png; path = "bg3-568h@2x.png"; sourceTree = "<group>"; };
		BA7987AAC3AB6A8B656FDE00 /* SampleForecast.xml */ = {isa = PBXFileReference; fileEncoding = 4; lastKnownFileType = text.xml; path = SampleForecast.xml; sourceTree = "<group>"; };
		BA7987CC3C49F06FABB2BECF /* PFForecastConditions.m */ = {isa = PBXFileReference; fileEncoding = 4; lastKnownFileType = sourcecode.c.objc; path = PFForecastConditions.m; sourceTree = "<group>"; };
		BA7987ED54F252A869A45D85 /* CoreComponents.xml */ = {isa = PBXFileReference; fileEncoding = 4; lastKnownFileType = text.xml; path = CoreComponents.xml; sourceTree = "<group>"; };
		BA79881332BAAF14FBA016C4 /* sunset-568h@2x.png */ = {isa = PBXFileReference; lastKnownFileType = image.png; path = "sunset-568h@2x.png"; sourceTree = "<group>"; };
		BA7988A5EED8474C69C5CB29 /* PFForecastConditions.h */ = {isa = PBXFileReference; fileEncoding = 4; lastKnownFileType = sourcecode.c.h; path = PFForecastConditions.h; sourceTree = "<group>"; };
		BA7988C7AC8843061AC0B8C6 /* PFRootViewController.h */ = {isa = PBXFileReference; fileEncoding = 4; lastKnownFileType = sourcecode.c.h; name = PFRootViewController.h; path = Controllers/PFRootViewController.h; sourceTree = "<group>"; };
		BA7988F4AB80D4FD96C0E415 /* icon_stormy.png */ = {isa = PBXFileReference; lastKnownFileType = image.png; path = icon_stormy.png; sourceTree = "<group>"; };
		BA79890A042F3EF38A97A758 /* temperature_circle@2x.png */ = {isa = PBXFileReference; lastKnownFileType = image.png; path = "temperature_circle@2x.png"; sourceTree = "<group>"; };
		BA798945DD532BA1BD7FE30A /* PFWeatherReportViewController.m */ = {isa = PBXFileReference; fileEncoding = 4; lastKnownFileType = sourcecode.c.objc; path = PFWeatherReportViewController.m; sourceTree = "<group>"; };
		BA798954410F86A5232E1ED2 /* Configuration.properties */ = {isa = PBXFileReference; lastKnownFileType = file.properties; path = Configuration.properties; sourceTree = "<group>"; };
		BA798955F01A0DA6516C878C /* PFTemperatureTests.m */ = {isa = PBXFileReference; fileEncoding = 4; lastKnownFileType = sourcecode.c.objc; path = PFTemperatureTests.m; sourceTree = "<group>"; };
		BA7989A03B709D5789A1ACE2 /* icon_windy@2x.png */ = {isa = PBXFileReference; lastKnownFileType = image.png; path = "icon_windy@2x.png"; sourceTree = "<group>"; };
		BA7989A335B2EAA9251101D3 /* PFProgressHUD.h */ = {isa = PBXFileReference; fileEncoding = 4; lastKnownFileType = sourcecode.c.h; path = PFProgressHUD.h; sourceTree = "<group>"; };
		BA7989DC41BCE0FC73A7C518 /* CitiesList.xib */ = {isa = PBXFileReference; lastKnownFileType = file.xib; path = CitiesList.xib; sourceTree = "<group>"; };
		BA798A024407C194DFC20E5C /* WebColors.h */ = {isa = PBXFileReference; fileEncoding = 4; lastKnownFileType = sourcecode.c.h; path = WebColors.h; sourceTree = "<group>"; };
		BA798A7EF3E53E1850551BEC /* PFWeatherReport.h */ = {isa = PBXFileReference; fileEncoding = 4; lastKnownFileType = sourcecode.c.h; path = PFWeatherReport.h; sourceTree = "<group>"; };
		BA798A8B15B6D784A0374F1A /* PFWeatherClientTests.m */ = {isa = PBXFileReference; fileEncoding = 4; lastKnownFileType = sourcecode.c.objc; path = PFWeatherClientTests.m; sourceTree = "<group>"; };
		BA798AA1DEFB3C8006C73FBB /* temperature_circle.png */ = {isa = PBXFileReference; lastKnownFileType = image.png; path = temperature_circle.png; sourceTree = "<group>"; };
		BA798AC9E07F264D97ACA770 /* sunset@2x.png */ = {isa = PBXFileReference; lastKnownFileType = image.png; path = "sunset@2x.png"; sourceTree = "<group>"; };
		BA798ACA3067E7098E5C0A06 /* PFWeatherClientBasicImpl.m */ = {isa = PBXFileReference; fileEncoding = 4; lastKnownFileType = sourcecode.c.objc; path = PFWeatherClientBasicImpl.m; sourceTree = "<group>"; };
		BA798AD5669A020612B839CA /* bg3.png */ = {isa = PBXFileReference; lastKnownFileType = image.png; path = bg3.png; sourceTree = "<group>"; };
		BA798AFF8F7ED2C2BAA5DEB6 /* UIFont+ApplicationFonts.m */ = {isa = PBXFileReference; fileEncoding = 4; lastKnownFileType = sourcecode.c.objc; path = "UIFont+ApplicationFonts.m"; sourceTree = "<group>"; };
		BA798B04A978C626822DE2BF /* PFRootViewController.m */ = {isa = PBXFileReference; fileEncoding = 4; lastKnownFileType = sourcecode.c.objc; name = PFRootViewController.m; path = Controllers/PFRootViewController.m; sourceTree = "<group>"; };
		BA798B0AB010ADE20EF1CF44 /* PFTheme.m */ = {isa = PBXFileReference; fileEncoding = 4; lastKnownFileType = sourcecode.c.objc; path = PFTheme.m; sourceTree = "<group>"; };
		BA798B1EF321D3252A608028 /* PFTemperature.m */ = {isa = PBXFileReference; fileEncoding = 4; lastKnownFileType = sourcecode.c.objc; path = PFTemperature.m; sourceTree = "<group>"; };
		BA798B65425B75C52D3D6F1A /* PFCoreComponents.h */ = {isa = PBXFileReference; fileEncoding = 4; lastKnownFileType = sourcecode.c.h; path = PFCoreComponents.h; sourceTree = "<group>"; };
		BA798B92876C0679AA3E6DC8 /* PFCurrentConditions.h */ = {isa = PBXFileReference; fileEncoding = 4; lastKnownFileType = sourcecode.c.h; path = PFCurrentConditions.h; sourceTree = "<group>"; };
		BA798BACF05258133B3F4A36 /* PFThemeProvider.h */ = {isa = PBXFileReference; fileEncoding = 4; lastKnownFileType = sourcecode.c.h; path = PFThemeProvider.h; sourceTree = "<group>"; };
		BA798BBF4F91EF53D782E574 /* icon_rainy.png */ = {isa = PBXFileReference; lastKnownFileType = image.png; path = icon_rainy.png; sourceTree = "<group>"; };
		BA798C0B6B4D900FA67C84E5 /* PFThemeable.h */ = {isa = PBXFileReference; fileEncoding = 4; lastKnownFileType = sourcecode.c.h; path = PFThemeable.h; sourceTree = "<group>"; };
		BA798C0F599C2103DE4A0316 /* PFCityLabelTableViewCell.h */ = {isa = PBXFileReference; fileEncoding = 4; lastKnownFileType = sourcecode.c.h; path = PFCityLabelTableViewCell.h; sourceTree = "<group>"; };
		BA798C2EBA35DCFC44E9F6CD /* AddCity.xib */ = {isa = PBXFileReference; lastKnownFileType = file.xib; path = AddCity.xib; sourceTree = "<group>"; };
		BA798C7B558024C0786FA923 /* PFAddCityViewController.m */ = {isa = PBXFileReference; fileEncoding = 4; lastKnownFileType = sourcecode.c.objc; path = PFAddCityViewController.m; sourceTree = "<group>"; };
		BA798C8773496CD7E3A95CA6 /* bg4.png */ = {isa = PBXFileReference; lastKnownFileType = image.png; path = bg4.png; sourceTree = "<group>"; };
		BA798CAD4A4D871788DC4EB6 /* PFForecastTableViewCell.h */ = {isa = PBXFileReference; fileEncoding = 4; lastKnownFileType = sourcecode.c.h; path = PFForecastTableViewCell.h; sourceTree = "<group>"; };
		BA798CC8FA97B066BD5DD319 /* PFWeatherReportView.h */ = {isa = PBXFileReference; fileEncoding = 4; lastKnownFileType = sourcecode.c.h; path = PFWeatherReportView.h; sourceTree = "<group>"; };
		BA798CD5EC96425F648C2CCF /* cell_fade.png */ = {isa = PBXFileReference; lastKnownFileType = image.png; path = cell_fade.png; sourceTree = "<group>"; };
		BA798D1B491EAE11E8515805 /* bg5@2x.png */ = {isa = PBXFileReference; lastKnownFileType = image.png; path = "bg5@2x.png"; sourceTree = "<group>"; };
		BA798D218A848E055FB5F6CB /* ViewControllers.xml */ = {isa = PBXFileReference; fileEncoding = 4; lastKnownFileType = text.xml; path = ViewControllers.xml; sourceTree = "<group>"; };
		BA798D2A742E3B6ED1BCE83D /* PFWeatherClient.h */ = {isa = PBXFileReference; fileEncoding = 4; lastKnownFileType = sourcecode.c.h; path = PFWeatherClient.h; sourceTree = "<group>"; };
		BA798D757661C56D7B6A49BD /* PFCitiesListViewController.m */ = {isa = PBXFileReference; fileEncoding = 4; lastKnownFileType = sourcecode.c.objc; path = PFCitiesListViewController.m; sourceTree = "<group>"; };
		BA798D7C35F1F7DBC95B2DA1 /* PFCitiesListViewController.h */ = {isa = PBXFileReference; fileEncoding = 4; lastKnownFileType = sourcecode.c.h; path = PFCitiesListViewController.h; sourceTree = "<group>"; };
		BA798DB9D6A187392B3C07C1 /* icon_cloudy@2x.png */ = {isa = PBXFileReference; lastKnownFileType = image.png; path = "icon_cloudy@2x.png"; sourceTree = "<group>"; };
		BA798E33D2995015037E6DE5 /* RXMLElement+PFWeatherReport.m */ = {isa = PBXFileReference; fileEncoding = 4; lastKnownFileType = sourcecode.c.objc; path = "RXMLElement+PFWeatherReport.m"; sourceTree = "<group>"; };
		BA798E6B7BCCED2C5A113449 /* icon_cloudy.png */ = {isa = PBXFileReference; lastKnownFileType = image.png; path = icon_cloudy.png; sourceTree = "<group>"; };
		BA798E9E3746332B48394016 /* Questrial-Regular.otf */ = {isa = PBXFileReference; lastKnownFileType = file.otf; path = "Questrial-Regular.otf"; sourceTree = "<group>"; };
		BA798EC033265E30559E1216 /* PFCityDoaTests.m */ = {isa = PBXFileReference; fileEncoding = 4; lastKnownFileType = sourcecode.c.objc; path = PFCityDoaTests.m; sourceTree = "<group>"; };
		BA798EE55B711367BC250ADC /* PFForecastTableViewCell.m */ = {isa = PBXFileReference; fileEncoding = 4; lastKnownFileType = sourcecode.c.objc; path = PFForecastTableViewCell.m; sourceTree = "<group>"; };
		BA798EE7FC647ED03B050115 /* RXMLElement_PFWeatherReportSpec.m */ = {isa = PBXFileReference; fileEncoding = 4; lastKnownFileType = sourcecode.c.objc; path = RXMLElement_PFWeatherReportSpec.m; sourceTree = "<group>"; };
		BA798EF2E6B2241602FA1B9F /* RXMLElement+PFWeatherReport.h */ = {isa = PBXFileReference; fileEncoding = 4; lastKnownFileType = sourcecode.c.h; path = "RXMLElement+PFWeatherReport.h"; sourceTree = "<group>"; };
		BA798F27FD489318A1210076 /* PFWeatherReportViewController.h */ = {isa = PBXFileReference; fileEncoding = 4; lastKnownFileType = sourcecode.c.h; path = PFWeatherReportViewController.h; sourceTree = "<group>"; };
		BA798F69C1BEADA1AA7C7C66 /* PFAddCityViewController.h */ = {isa = PBXFileReference; fileEncoding = 4; lastKnownFileType = sourcecode.c.h; path = PFAddCityViewController.h; sourceTree = "<group>"; };
		BA798F720169320B08150907 /* PFTemperature.h */ = {isa = PBXFileReference; fileEncoding = 4; lastKnownFileType = sourcecode.c.h; path = PFTemperature.h; sourceTree = "<group>"; };
		BA798FABE8F822F7C4C37589 /* icon_partly_cloudy@2x.png */ = {isa = PBXFileReference; lastKnownFileType = image.png; path = "icon_partly_cloudy@2x.png"; sourceTree = "<group>"; };
		BA798FEB5D10A22F3AC1C5D8 /* PFCurrentConditions.m */ = {isa = PBXFileReference; fileEncoding = 4; lastKnownFileType = sourcecode.c.objc; path = PFCurrentConditions.m; sourceTree = "<group>"; };
		BBD56735007547068B4E01EE /* Pods-PocketForecast.xcconfig */ = {isa = PBXFileReference; includeInIndex = 1; lastKnownFileType = text.xcconfig; name = "Pods-PocketForecast.xcconfig"; path = "Pods/Pods-PocketForecast.xcconfig"; sourceTree = "<group>"; };
		E136BF8CD80B4650BB036CB5 /* Pods-PocketForecastTests.xcconfig */ = {isa = PBXFileReference; includeInIndex = 1; lastKnownFileType = text.xcconfig; name = "Pods-PocketForecastTests.xcconfig"; path = "Pods/Pods-PocketForecastTests.xcconfig"; sourceTree = "<group>"; };
		FD2943E8EFE24EB5B86A64F3 /* libPods-PocketForecast.a */ = {isa = PBXFileReference; explicitFileType = archive.ar; includeInIndex = 0; path = "libPods-PocketForecast.a"; sourceTree = BUILT_PRODUCTS_DIR; };
/* End PBXFileReference section */

/* Begin PBXFrameworksBuildPhase section */
		6BE9744C15AF01A3004472E2 /* Frameworks */ = {
			isa = PBXFrameworksBuildPhase;
			buildActionMask = 2147483647;
			files = (
				6BA1400315B16B110071C7A0 /* QuartzCore.framework in Frameworks */,
				6BE9745415AF01A3004472E2 /* UIKit.framework in Frameworks */,
				6BE9745615AF01A3004472E2 /* Foundation.framework in Frameworks */,
				6BE9745815AF01A3004472E2 /* CoreGraphics.framework in Frameworks */,
				DBB2AA070D5C497B95F8C32B /* libPods-PocketForecast.a in Frameworks */,
			);
			runOnlyForDeploymentPostprocessing = 0;
		};
		6BE9746C15AF01A3004472E2 /* Frameworks */ = {
			isa = PBXFrameworksBuildPhase;
			buildActionMask = 2147483647;
			files = (
				6BC40C7016A2E05100A3C48E /* CoreGraphics.framework in Frameworks */,
				6BE9747215AF01A3004472E2 /* SenTestingKit.framework in Frameworks */,
				6BE9747315AF01A3004472E2 /* UIKit.framework in Frameworks */,
				6BE9747415AF01A3004472E2 /* Foundation.framework in Frameworks */,
				6BEE7ACE1699961F0042D0B5 /* OCHamcrestIOS.framework in Frameworks */,
				C143266CCB0F4707ABA7FA2C /* libPods-PocketForecastTests.a in Frameworks */,
			);
			runOnlyForDeploymentPostprocessing = 0;
		};
/* End PBXFrameworksBuildPhase section */

/* Begin PBXGroup section */
		6BE9230315B29E56002EF310 /* Dao */ = {
			isa = PBXGroup;
			children = (
				6BE9230415B29E56002EF310 /* PFCityDao.h */,
				6BE9230515B29E56002EF310 /* PFCityDaoUserDefaultsImpl.h */,
				6BE9230615B29E56002EF310 /* PFCityDaoUserDefaultsImpl.m */,
				6BE9230715B29E56002EF310 /* PFWeatherReportDao.h */,
				6BE9230815B29E56002EF310 /* PFWeatherReportDaoFileSystemImpl.h */,
				6BE9230915B29E56002EF310 /* PFWeatherReportDaoFileSystemImpl.m */,
			);
			path = Dao;
			sourceTree = "<group>";
		};
		6BE9744415AF01A3004472E2 = {
			isa = PBXGroup;
			children = (
				6BE9745915AF01A3004472E2 /* PocketForecast */,
				6BE9747715AF01A3004472E2 /* PocketForecastTests */,
				6BE9745215AF01A3004472E2 /* Frameworks */,
				6BE9745015AF01A3004472E2 /* Products */,
				BBD56735007547068B4E01EE /* Pods-PocketForecast.xcconfig */,
				E136BF8CD80B4650BB036CB5 /* Pods-PocketForecastTests.xcconfig */,
			);
			sourceTree = "<group>";
		};
		6BE9745015AF01A3004472E2 /* Products */ = {
			isa = PBXGroup;
			children = (
				6BE9744F15AF01A3004472E2 /* PocketForecast.app */,
				6BE9747015AF01A3004472E2 /* PocketForecastTests.octest */,
			);
			name = Products;
			sourceTree = "<group>";
		};
		6BE9745215AF01A3004472E2 /* Frameworks */ = {
			isa = PBXGroup;
			children = (
				6BA1400215B16B110071C7A0 /* QuartzCore.framework */,
				6BE9745315AF01A3004472E2 /* UIKit.framework */,
				6BE9745515AF01A3004472E2 /* Foundation.framework */,
				6BE9745715AF01A3004472E2 /* CoreGraphics.framework */,
				6BE9747115AF01A3004472E2 /* SenTestingKit.framework */,
				FD2943E8EFE24EB5B86A64F3 /* libPods-PocketForecast.a */,
				609097971E734E02BFBD9A9C /* libPods-PocketForecastTests.a */,
			);
			name = Frameworks;
			sourceTree = "<group>";
		};
		6BE9745915AF01A3004472E2 /* PocketForecast */ = {
			isa = PBXGroup;
			children = (
				6BE9746215AF01A3004472E2 /* PFAppDelegate.h */,
				6BE9746315AF01A3004472E2 /* PFAppDelegate.m */,
				6BE9745A15AF01A3004472E2 /* Supporting Files */,
				BA798E7C3679201AEC43BC53 /* Client */,
				6BE9230315B29E56002EF310 /* Dao */,
				BA798A517BE02ED4643239E0 /* Model */,
				BA79840A9B9BA6AD4B22AE22 /* UserInterface */,
				BA7981AECCB463AE5C18DCD2 /* Assembly */,
				BA79847674065A0E13E255D8 /* Resources */,
			);
			path = PocketForecast;
			sourceTree = "<group>";
		};
		6BE9745A15AF01A3004472E2 /* Supporting Files */ = {
			isa = PBXGroup;
			children = (
				6BE9745B15AF01A3004472E2 /* PocketForecast-Info.plist */,
				6BE9745C15AF01A3004472E2 /* InfoPlist.strings */,
				6BE9745F15AF01A3004472E2 /* main.m */,
				6BE9746115AF01A3004472E2 /* PocketForecast-Prefix.pch */,
			);
			name = "Supporting Files";
			sourceTree = "<group>";
		};
		6BE9747715AF01A3004472E2 /* PocketForecastTests */ = {
			isa = PBXGroup;
			children = (
				6BEE7ACD1699961F0042D0B5 /* OCHamcrestIOS.framework */,
				6BE9747815AF01A3004472E2 /* Supporting Files */,
				BA79856644FF95C7683DC4F0 /* Resources */,
				BA7983690BAC93D4DD10E51F /* Unit */,
				BA7980AAD7FBF86B781FD6E2 /* Integration */,
			);
			path = PocketForecastTests;
			sourceTree = "<group>";
		};
		6BE9747815AF01A3004472E2 /* Supporting Files */ = {
			isa = PBXGroup;
			children = (
				6BE9747915AF01A3004472E2 /* PocketForecastTests-Info.plist */,
				6BE9747A15AF01A3004472E2 /* InfoPlist.strings */,
				BA79869B697659AC289E570D /* Tests.pch */,
			);
			name = "Supporting Files";
			sourceTree = "<group>";
		};
		BA79801B339D51E8C92ED317 /* fonts */ = {
			isa = PBXGroup;
			children = (
				BA7983F2134358A4E02D50EA /* VarelaRound-Regular.otf */,
				BA798E9E3746332B48394016 /* Questrial-Regular.otf */,
			);
			path = fonts;
			sourceTree = "<group>";
		};
		BA7980AAD7FBF86B781FD6E2 /* Integration */ = {
			isa = PBXGroup;
			children = (
				BA79853AB5AA71AA4689A849 /* PFWeatherReportDaoTests.m */,
				BA798EC033265E30559E1216 /* PFCityDoaTests.m */,
				BA798A8B15B6D784A0374F1A /* PFWeatherClientTests.m */,
			);
			path = Integration;
			sourceTree = "<group>";
		};
		BA7980BD42EE97E7C03D7BE2 /* CitiesList */ = {
			isa = PBXGroup;
			children = (
				BA798D757661C56D7B6A49BD /* PFCitiesListViewController.m */,
				BA798D7C35F1F7DBC95B2DA1 /* PFCitiesListViewController.h */,
				BA7981D2C28FC653520FA6CE /* Views */,
			);
			path = CitiesList;
			sourceTree = "<group>";
		};
		BA7981AECCB463AE5C18DCD2 /* Assembly */ = {
			isa = PBXGroup;
			children = (
				BA798DE1E052DA3E87900EF9 /* Xml */,
				BA79858DE2025F3491D53FD4 /* Blocks */,
				BA798954410F86A5232E1ED2 /* Configuration.properties */,
			);
			path = Assembly;
			sourceTree = "<group>";
		};
		BA7981D2C28FC653520FA6CE /* Views */ = {
			isa = PBXGroup;
			children = (
				BA7989DC41BCE0FC73A7C518 /* CitiesList.xib */,
				BA79831FB69C01468CCE157A /* PFCityLabelTableViewCell.m */,
				BA798C0F599C2103DE4A0316 /* PFCityLabelTableViewCell.h */,
			);
			path = Views;
			sourceTree = "<group>";
		};
		BA7981E033DDC7D756CEC5DA /* Themes */ = {
			isa = PBXGroup;
			children = (
				BA798B0AB010ADE20EF1CF44 /* PFTheme.m */,
				BA79810DC6998A5D91FB537B /* PFTheme.h */,
				BA79874E4B94F869CE8051B5 /* PFThemeFactory.m */,
				BA7983426BAEC1F75CEBC6C7 /* PFThemeFactory.h */,
				BA798C0B6B4D900FA67C84E5 /* PFThemeable.h */,
			);
			path = Themes;
			sourceTree = "<group>";
		};
		BA7983690BAC93D4DD10E51F /* Unit */ = {
			isa = PBXGroup;
			children = (
				BA798EE7FC647ED03B050115 /* RXMLElement_PFWeatherReportSpec.m */,
				BA798955F01A0DA6516C878C /* PFTemperatureTests.m */,
			);
			path = Unit;
			sourceTree = "<group>";
		};
		BA79839F6997E814BA1C682B /* Views */ = {
			isa = PBXGroup;
			children = (
				BA798C2EBA35DCFC44E9F6CD /* AddCity.xib */,
			);
			path = Views;
			sourceTree = "<group>";
		};
		BA7983D9EBFEEDC3ACE88726 /* weatherIcons */ = {
			isa = PBXGroup;
			children = (
				BA798E6B7BCCED2C5A113449 /* icon_cloudy.png */,
				BA798DB9D6A187392B3C07C1 /* icon_cloudy@2x.png */,
				BA7980D610AB0AE04C4A3E99 /* icon_partly_cloudy.png */,
				BA798FABE8F822F7C4C37589 /* icon_partly_cloudy@2x.png */,
				BA798BBF4F91EF53D782E574 /* icon_rainy.png */,
				BA798162CA41E6D4902A2BD5 /* icon_rainy@2x.png */,
				BA7988F4AB80D4FD96C0E415 /* icon_stormy.png */,
				BA798386C46D4F082497CCBB /* icon_stormy@2x.png */,
				BA798253399A5FEC6A52CFCA /* icon_sunny.png */,
				BA7984DEDAA150FBEE6C95AE /* icon_sunny@2x.png */,
				BA79841E09AFC834B5DB666E /* icon_windy.png */,
				BA7989A03B709D5789A1ACE2 /* icon_windy@2x.png */,
			);
			path = weatherIcons;
			sourceTree = "<group>";
		};
		BA79840A9B9BA6AD4B22AE22 /* UserInterface */ = {
			isa = PBXGroup;
			children = (
				BA79877DD1EE5642AE5A333C /* Controllers */,
				BA798457F5820C1547589C51 /* Utils */,
				BA7988C7AC8843061AC0B8C6 /* PFRootViewController.h */,
				BA798B04A978C626822DE2BF /* PFRootViewController.m */,
				BA7987BF88A9CA3975627FE8 /* ProgressHUD */,
			);
			path = UserInterface;
			sourceTree = "<group>";
		};
		BA798457F5820C1547589C51 /* Utils */ = {
			isa = PBXGroup;
			children = (
				BA798AFF8F7ED2C2BAA5DEB6 /* UIFont+ApplicationFonts.m */,
				BA7980523B805CF697C4D409 /* UIFont+ApplicationFonts.h */,
				BA798A024407C194DFC20E5C /* WebColors.h */,
			);
			path = Utils;
			sourceTree = "<group>";
		};
		BA79847674065A0E13E255D8 /* Resources */ = {
			isa = PBXGroup;
			children = (
				6B9FABC416FEB04500BABD3D /* Icon@2x.png */,
				BA79801B339D51E8C92ED317 /* fonts */,
				BA7983D9EBFEEDC3ACE88726 /* weatherIcons */,
				BA7986D22B15C65F246F8705 /* Icon.png */,
				BA798EA69027CA008D70D92A /* textures */,
			);
			path = Resources;
			sourceTree = "<group>";
		};
		BA79856644FF95C7683DC4F0 /* Resources */ = {
			isa = PBXGroup;
			children = (
				BA7987AAC3AB6A8B656FDE00 /* SampleForecast.xml */,
			);
			path = Resources;
			sourceTree = "<group>";
		};
		BA79858DE2025F3491D53FD4 /* Blocks */ = {
			isa = PBXGroup;
			children = (
				BA798B65425B75C52D3D6F1A /* PFCoreComponents.h */,
				BA798346AEEA08622CB82928 /* PFCoreComponents.m */,
				BA79872397E3BD83FDCEE810 /* PFViewControllers.m */,
				BA7982C482D55B6DE829DC45 /* PFViewControllers.h */,
				BA79857A9F27E1B9AD8F3A95 /* PFThemeProvider.m */,
				BA798BACF05258133B3F4A36 /* PFThemeProvider.h */,
			);
			path = Blocks;
			sourceTree = "<group>";
		};
		BA79877DD1EE5642AE5A333C /* Controllers */ = {
			isa = PBXGroup;
			children = (
				BA798B54A6F3F186E9499999 /* AddCity */,
				BA7980BD42EE97E7C03D7BE2 /* CitiesList */,
				BA798DE2ABAB2A8A69B243FE /* WeatherReport */,
			);
			path = Controllers;
			sourceTree = "<group>";
		};
		BA7987BF88A9CA3975627FE8 /* ProgressHUD */ = {
			isa = PBXGroup;
			children = (
				BA7989A335B2EAA9251101D3 /* PFProgressHUD.h */,
				BA7982E36985C2B98D7F709A /* PFProgressHUD.m */,
			);
			path = ProgressHUD;
			sourceTree = "<group>";
		};
		BA798A517BE02ED4643239E0 /* Model */ = {
			isa = PBXGroup;
			children = (
				BA7988A5EED8474C69C5CB29 /* PFForecastConditions.h */,
				BA7987CC3C49F06FABB2BECF /* PFForecastConditions.m */,
				BA798F720169320B08150907 /* PFTemperature.h */,
				BA798B1EF321D3252A608028 /* PFTemperature.m */,
				BA798B92876C0679AA3E6DC8 /* PFCurrentConditions.h */,
				BA798FEB5D10A22F3AC1C5D8 /* PFCurrentConditions.m */,
				BA798A7EF3E53E1850551BEC /* PFWeatherReport.h */,
				BA7987478471BA92A0518862 /* PFWeatherReport.m */,
				BA7981E033DDC7D756CEC5DA /* Themes */,
			);
			path = Model;
			sourceTree = "<group>";
		};
		BA798AE679659C7CC95C40E8 /* Views */ = {
			isa = PBXGroup;
			children = (
				BA798312A8E6D9B8F302DCCB /* PFWeatherReportView.m */,
				BA798CC8FA97B066BD5DD319 /* PFWeatherReportView.h */,
				BA798EE55B711367BC250ADC /* PFForecastTableViewCell.m */,
				BA798CAD4A4D871788DC4EB6 /* PFForecastTableViewCell.h */,
			);
			path = Views;
			sourceTree = "<group>";
		};
		BA798B54A6F3F186E9499999 /* AddCity */ = {
			isa = PBXGroup;
			children = (
				BA798C7B558024C0786FA923 /* PFAddCityViewController.m */,
				BA798F69C1BEADA1AA7C7C66 /* PFAddCityViewController.h */,
				BA79839F6997E814BA1C682B /* Views */,
			);
			path = AddCity;
			sourceTree = "<group>";
		};
		BA798DE1E052DA3E87900EF9 /* Xml */ = {
			isa = PBXGroup;
			children = (
				BA798D218A848E055FB5F6CB /* ViewControllers.xml */,
				BA7987ED54F252A869A45D85 /* CoreComponents.xml */,
				BA7986EE0DA233A82CAF9067 /* Themes.xml */,
			);
			path = Xml;
			sourceTree = "<group>";
		};
		BA798DE2ABAB2A8A69B243FE /* WeatherReport */ = {
			isa = PBXGroup;
			children = (
				BA798945DD532BA1BD7FE30A /* PFWeatherReportViewController.m */,
				BA798F27FD489318A1210076 /* PFWeatherReportViewController.h */,
				BA798AE679659C7CC95C40E8 /* Views */,
				BA79805C0A0C2453D9AF3841 /* PFWeatherReportViewDelegate.h */,
			);
			path = WeatherReport;
			sourceTree = "<group>";
		};
		BA798E7C3679201AEC43BC53 /* Client */ = {
			isa = PBXGroup;
			children = (
				BA798EF2E6B2241602FA1B9F /* RXMLElement+PFWeatherReport.h */,
				BA798E33D2995015037E6DE5 /* RXMLElement+PFWeatherReport.m */,
				BA7981F95ADE57DBB6722C39 /* PFWeatherClientBasicImpl.h */,
				BA798ACA3067E7098E5C0A06 /* PFWeatherClientBasicImpl.m */,
				BA798D2A742E3B6ED1BCE83D /* PFWeatherClient.h */,
			);
			path = Client;
			sourceTree = "<group>";
		};
		BA798EA69027CA008D70D92A /* textures */ = {
			isa = PBXGroup;
			children = (
				6B9FABBE16FEA9D800BABD3D /* Default.png */,
				6B9FABBF16FEA9D800BABD3D /* Default@2x.png */,
				BA798AA1DEFB3C8006C73FBB /* temperature_circle.png */,
				BA79890A042F3EF38A97A758 /* temperature_circle@2x.png */,
				BA7983B6A0DD71DD6BD78B58 /* cell_fade@2x.png */,
				BA798CD5EC96425F648C2CCF /* cell_fade.png */,
				BA79849E8B7E0932CE3BCD1B /* Default-568h@2x.png */,
				BA798F751E9984ADBD0255E5 /* Loader */,
				BA79875DE5CE201282E6D700 /* bg3-568h@2x.png */,
				BA798AD5669A020612B839CA /* bg3.png */,
				BA7983FC5295E1248DF73C06 /* bg3@2x.png */,
				BA798C8773496CD7E3A95CA6 /* bg4.png */,
				BA79820A0DFD6D50563F87BC /* bg4@2x.png */,
				BA7983C21E1C454CE757BCD6 /* bg4-568h@2x.png */,
				BA7985380591D97A53DD10EA /* bg5.png */,
				BA798D1B491EAE11E8515805 /* bg5@2x.png */,
				BA7981A0F0B7E0735109ABD3 /* bg5-568h@2x.png */,
				BA7982FD0093CF803EE283AE /* sunset.png */,
				BA798AC9E07F264D97ACA770 /* sunset@2x.png */,
				BA79881332BAAF14FBA016C4 /* sunset-568h@2x.png */,
			);
			path = textures;
			sourceTree = "<group>";
		};
		BA798F751E9984ADBD0255E5 /* Loader */ = {
			isa = PBXGroup;
			children = (
				BA7981C5D7F087328A9CC853 /* loader-bg.png */,
				BA798607FFF7BAB6B7106B72 /* loader-dot.png */,
				BA7981D29055E7DFE238D2B1 /* loader-bg@2x.png */,
				BA798184A69B08B5A95639DE /* loader-dot@2x.png */,
			);
			path = Loader;
			sourceTree = "<group>";
		};
/* End PBXGroup section */

/* Begin PBXNativeTarget section */
		6BE9744E15AF01A3004472E2 /* PocketForecast */ = {
			isa = PBXNativeTarget;
			buildConfigurationList = 6BE9748215AF01A3004472E2 /* Build configuration list for PBXNativeTarget "PocketForecast" */;
			buildPhases = (
				5AF0D6885D734051AEC08D27 /* Check Pods Manifest.lock */,
				6BE9744B15AF01A3004472E2 /* Sources */,
				6BE9744C15AF01A3004472E2 /* Frameworks */,
				6BE9744D15AF01A3004472E2 /* Resources */,
				9A40B9013EA84D7F9AE5A3F6 /* Copy Pods Resources */,
			);
			buildRules = (
			);
			dependencies = (
			);
			name = PocketForecast;
			productName = PocketForecast;
			productReference = 6BE9744F15AF01A3004472E2 /* PocketForecast.app */;
			productType = "com.apple.product-type.application";
		};
		6BE9746F15AF01A3004472E2 /* PocketForecastTests */ = {
			isa = PBXNativeTarget;
			buildConfigurationList = 6BE9748515AF01A3004472E2 /* Build configuration list for PBXNativeTarget "PocketForecastTests" */;
			buildPhases = (
				02A3D7078A9B45A399CB1BD6 /* Check Pods Manifest.lock */,
				6BE9746B15AF01A3004472E2 /* Sources */,
				6B330B9116997D5300A5083C /* CopyFiles */,
				6BE9746C15AF01A3004472E2 /* Frameworks */,
				6BE9746D15AF01A3004472E2 /* Resources */,
				6BE9746E15AF01A3004472E2 /* ShellScript */,
				9B0FB4F4BBC44BDF8ADAACA5 /* Copy Pods Resources */,
			);
			buildRules = (
			);
			dependencies = (
				6BE9747615AF01A3004472E2 /* PBXTargetDependency */,
			);
			name = PocketForecastTests;
			productName = PocketForecastTests;
			productReference = 6BE9747015AF01A3004472E2 /* PocketForecastTests.octest */;
			productType = "com.apple.product-type.bundle";
		};
/* End PBXNativeTarget section */

/* Begin PBXProject section */
		6BE9744615AF01A3004472E2 /* Project object */ = {
			isa = PBXProject;
			attributes = {
				CLASSPREFIX = PF;
				LastUpgradeCheck = 0430;
				ORGANIZATIONNAME = typhoon;
				TargetAttributes = {
					6BE9744E15AF01A3004472E2 = {
						DevelopmentTeam = H9V995WFAB;
					};
				};
			};
			buildConfigurationList = 6BE9744915AF01A3004472E2 /* Build configuration list for PBXProject "PocketForecast" */;
			compatibilityVersion = "Xcode 3.2";
			developmentRegion = English;
			hasScannedForEncodings = 0;
			knownRegions = (
				en,
			);
			mainGroup = 6BE9744415AF01A3004472E2;
			productRefGroup = 6BE9745015AF01A3004472E2 /* Products */;
			projectDirPath = "";
			projectRoot = "";
			targets = (
				6BE9744E15AF01A3004472E2 /* PocketForecast */,
				6BE9746F15AF01A3004472E2 /* PocketForecastTests */,
			);
		};
/* End PBXProject section */

/* Begin PBXResourcesBuildPhase section */
		6BE9744D15AF01A3004472E2 /* Resources */ = {
			isa = PBXResourcesBuildPhase;
			buildActionMask = 2147483647;
			files = (
				6BE9745E15AF01A3004472E2 /* InfoPlist.strings in Resources */,
				BA79849D9158294255206480 /* CoreComponents.xml in Resources */,
				BA798002C7B631863CCC9C1B /* ViewControllers.xml in Resources */,
				BA798E69EBE0DC68032B347D /* Configuration.properties in Resources */,
				BA798CC56BF649127B173D19 /* AddCity.xib in Resources */,
				BA79879F1CEE83F038081C53 /* CitiesList.xib in Resources */,
				BA798F7C02D6F939EC3FA0B6 /* icon_cloudy.png in Resources */,
				BA798FBE47D1FF07A7FB2A80 /* icon_cloudy@2x.png in Resources */,
				BA798DC0E482FA6C6807D438 /* icon_partly_cloudy.png in Resources */,
				BA798CC96A8610C2266A544E /* icon_partly_cloudy@2x.png in Resources */,
				BA7987510DCA61EC53A55897 /* icon_rainy.png in Resources */,
				BA798ACA8D54255FF6D367D2 /* icon_rainy@2x.png in Resources */,
				BA798AE967680E4C6D984092 /* icon_stormy.png in Resources */,
				BA7980B84E636274BB2D9F89 /* icon_stormy@2x.png in Resources */,
				BA79831DAB57B1F0736F960C /* icon_sunny.png in Resources */,
				BA79882BDEEABC5F7C635589 /* icon_sunny@2x.png in Resources */,
				BA798D97A97B46BA3A44A899 /* icon_windy.png in Resources */,
				BA798655FF08CCF03AAFAEC7 /* icon_windy@2x.png in Resources */,
				BA79820179A4C7B8C43BC1BF /* Icon.png in Resources */,
				BA7984CF7CDF6DC46EAFB736 /* VarelaRound-Regular.otf in Resources */,
				BA798E82EF7D56A91CE6649A /* temperature_circle.png in Resources */,
				BA7985BD57A6F911C135B167 /* temperature_circle@2x.png in Resources */,
				BA7985CD4B2D4332CB0C3135 /* Questrial-Regular.otf in Resources */,
				BA798343E93DFA08479EE28A /* cell_fade@2x.png in Resources */,
				BA798E5E4CB73163221DEBC0 /* cell_fade.png in Resources */,
				6B9FABC016FEA9D800BABD3D /* Default.png in Resources */,
				6B9FABC216FEA9D800BABD3D /* Default@2x.png in Resources */,
				6B9FABC516FEB04500BABD3D /* Icon@2x.png in Resources */,
				BA798932263C88CAE1030072 /* Default-568h@2x.png in Resources */,
				BA7982AB92D80DBF0BC2E1B8 /* loader-bg.png in Resources */,
				BA7986DE689AB91DD96B43B8 /* loader-dot.png in Resources */,
				BA7986E3294B5ED967A4C148 /* loader-bg@2x.png in Resources */,
				BA798358F55EBAC8EE9A4C11 /* loader-dot@2x.png in Resources */,
				BA798607C95F754C2CD7BFA2 /* bg3-568h@2x.png in Resources */,
				BA798C717F0FB458BF71743F /* bg3.png in Resources */,
				BA7981AF874ACB6C0FC6F7F4 /* bg3@2x.png in Resources */,
				BA798D3A2D8741F4582B9347 /* bg4.png in Resources */,
				BA798499E35DC29B45B47A1C /* bg4@2x.png in Resources */,
				BA7985AA12F02833B47C9953 /* bg4-568h@2x.png in Resources */,
				BA798678B3CE9F383FBA4623 /* Themes.xml in Resources */,
				BA7983A84F71D0AA1FFDB2E1 /* bg5.png in Resources */,
				BA798B4A56CBB75FC5ADF57E /* bg5@2x.png in Resources */,
				BA7984496F8871AEBA128A25 /* bg5-568h@2x.png in Resources */,
				BA7981DC11B1519DABA991CB /* sunset.png in Resources */,
				BA7981D19BEB3B55DABF9ECE /* sunset@2x.png in Resources */,
				BA798CBD4204102A990F871D /* sunset-568h@2x.png in Resources */,
			);
			runOnlyForDeploymentPostprocessing = 0;
		};
		6BE9746D15AF01A3004472E2 /* Resources */ = {
			isa = PBXResourcesBuildPhase;
			buildActionMask = 2147483647;
			files = (
				6BE9747C15AF01A3004472E2 /* InfoPlist.strings in Resources */,
				BA798F3DBF3353B33D121259 /* SampleForecast.xml in Resources */,
				BA7981C412299394E6158330 /* CoreComponents.xml in Resources */,
				BA79801D8E4F2971E599D24C /* ViewControllers.xml in Resources */,
				BA79857C298E03EC870EC5CE /* Configuration.properties in Resources */,
				BA7981432F539328213E14B9 /* icon_cloudy.png in Resources */,
				BA798C66FD8B122E5E9F358F /* icon_cloudy@2x.png in Resources */,
				BA798ABAFC147B5F1512E654 /* icon_partly_cloudy.png in Resources */,
				BA7982CBC9735A99B7719FCA /* icon_partly_cloudy@2x.png in Resources */,
				BA7986BD2EB00D94B8CBD789 /* icon_rainy.png in Resources */,
				BA798F71D6CB1AA988242321 /* icon_rainy@2x.png in Resources */,
				BA7983B8CE23657F38B953E7 /* icon_stormy.png in Resources */,
				BA7983C1CCA9D60C5E76A0C2 /* icon_stormy@2x.png in Resources */,
				BA798C0BFABE1A0F58FB8651 /* icon_sunny.png in Resources */,
				BA79858C78885801CE6C4A73 /* icon_sunny@2x.png in Resources */,
				BA7986AD4FEED10C82D5ADFC /* icon_windy.png in Resources */,
				BA7983738A2E8A5B215F5556 /* icon_windy@2x.png in Resources */,
				BA79826AA2CA705457FBBA32 /* VarelaRound-Regular.otf in Resources */,
				BA798FF48C232351933AAD1D /* temperature_circle.png in Resources */,
				BA798E4EC3AF8C9F54C18CE3 /* temperature_circle@2x.png in Resources */,
				BA798B717FF47F1C41E3B473 /* Questrial-Regular.otf in Resources */,
				BA798226B94C1135F8514958 /* cell_fade@2x.png in Resources */,
				BA798CEE5480399D8DC61BB1 /* cell_fade.png in Resources */,
				6B9FABC116FEA9D800BABD3D /* Default.png in Resources */,
				6B9FABC316FEA9D800BABD3D /* Default@2x.png in Resources */,
				6B9FABC616FEB04500BABD3D /* Icon@2x.png in Resources */,
				BA79827D3E07696EC89D5B4B /* Default-568h@2x.png in Resources */,
				BA798D6E0CD0A4F5A3573D00 /* loader-bg.png in Resources */,
				BA79878C74D6FC5636199E60 /* loader-dot.png in Resources */,
				BA798DC2968472C4AA604971 /* loader-bg@2x.png in Resources */,
				BA798C438364562217A0A185 /* loader-dot@2x.png in Resources */,
				BA798B53A5FB4EE516BA0547 /* bg3-568h@2x.png in Resources */,
				BA79834B5169137324403E8C /* bg3.png in Resources */,
				BA798B069F04F841189A2775 /* bg3@2x.png in Resources */,
				BA7983EE216543B4E6EA7B3C /* bg4.png in Resources */,
				BA798E0723CDD52278ED6ACB /* bg4@2x.png in Resources */,
				BA798DD2EC5EF08317092631 /* bg4-568h@2x.png in Resources */,
				BA7985AED9BB535CBF1CF426 /* Themes.xml in Resources */,
				BA7986AB075E6D8D0F4CAC55 /* bg5.png in Resources */,
				BA798F5680D8C60AA176FC02 /* bg5@2x.png in Resources */,
				BA7983CE879250DCEAC5E132 /* bg5-568h@2x.png in Resources */,
				BA798D6BBCF9D91180BCEF58 /* sunset.png in Resources */,
				BA7986CE4ED7D4B5CCF029CE /* sunset@2x.png in Resources */,
				BA798AC561C2A665396A5D15 /* sunset-568h@2x.png in Resources */,
			);
			runOnlyForDeploymentPostprocessing = 0;
		};
/* End PBXResourcesBuildPhase section */

/* Begin PBXShellScriptBuildPhase section */
		02A3D7078A9B45A399CB1BD6 /* Check Pods Manifest.lock */ = {
			isa = PBXShellScriptBuildPhase;
			buildActionMask = 2147483647;
			files = (
			);
			inputPaths = (
			);
			name = "Check Pods Manifest.lock";
			outputPaths = (
			);
			runOnlyForDeploymentPostprocessing = 0;
			shellPath = /bin/sh;
			shellScript = "diff \"${PODS_ROOT}/../Podfile.lock\" \"${PODS_ROOT}/Manifest.lock\" > /dev/null\nif [[ $? != 0 ]] ; then\n    cat << EOM\nerror: The sandbox is not in sync with the Podfile.lock. Run 'pod install' or update your CocoaPods installation.\nEOM\n    exit 1\nfi\n";
			showEnvVarsInLog = 0;
		};
		5AF0D6885D734051AEC08D27 /* Check Pods Manifest.lock */ = {
			isa = PBXShellScriptBuildPhase;
			buildActionMask = 2147483647;
			files = (
			);
			inputPaths = (
			);
			name = "Check Pods Manifest.lock";
			outputPaths = (
			);
			runOnlyForDeploymentPostprocessing = 0;
			shellPath = /bin/sh;
			shellScript = "diff \"${PODS_ROOT}/../Podfile.lock\" \"${PODS_ROOT}/Manifest.lock\" > /dev/null\nif [[ $? != 0 ]] ; then\n    cat << EOM\nerror: The sandbox is not in sync with the Podfile.lock. Run 'pod install' or update your CocoaPods installation.\nEOM\n    exit 1\nfi\n";
			showEnvVarsInLog = 0;
		};
		6BE9746E15AF01A3004472E2 /* ShellScript */ = {
			isa = PBXShellScriptBuildPhase;
			buildActionMask = 2147483647;
			files = (
			);
			inputPaths = (
			);
			outputPaths = (
			);
			runOnlyForDeploymentPostprocessing = 0;
			shellPath = /bin/sh;
			shellScript = "# Run the unit tests in this test bundle.\n\"${SRCROOT}/Scripts/CmdLineRunTests\"";
			showEnvVarsInLog = 0;
		};
		9A40B9013EA84D7F9AE5A3F6 /* Copy Pods Resources */ = {
			isa = PBXShellScriptBuildPhase;
			buildActionMask = 2147483647;
			files = (
			);
			inputPaths = (
			);
			name = "Copy Pods Resources";
			outputPaths = (
			);
			runOnlyForDeploymentPostprocessing = 0;
			shellPath = /bin/sh;
			shellScript = "\"${SRCROOT}/Pods/Pods-PocketForecast-resources.sh\"\n";
			showEnvVarsInLog = 0;
		};
		9B0FB4F4BBC44BDF8ADAACA5 /* Copy Pods Resources */ = {
			isa = PBXShellScriptBuildPhase;
			buildActionMask = 2147483647;
			files = (
			);
			inputPaths = (
			);
			name = "Copy Pods Resources";
			outputPaths = (
			);
			runOnlyForDeploymentPostprocessing = 0;
			shellPath = /bin/sh;
			shellScript = "\"${SRCROOT}/Pods/Pods-PocketForecastTests-resources.sh\"\n";
			showEnvVarsInLog = 0;
		};
/* End PBXShellScriptBuildPhase section */

/* Begin PBXSourcesBuildPhase section */
		6BE9744B15AF01A3004472E2 /* Sources */ = {
			isa = PBXSourcesBuildPhase;
			buildActionMask = 2147483647;
			files = (
				6BE9746015AF01A3004472E2 /* main.m in Sources */,
				6BE9746415AF01A3004472E2 /* PFAppDelegate.m in Sources */,
				BA798CD6D23ACE87BFC6DAA4 /* PFWeatherReport.m in Sources */,
				BA798CFBF46EB10AC945B816 /* PFCurrentConditions.m in Sources */,
				BA798873E9DA8CEE34984273 /* PFTemperature.m in Sources */,
				BA7981088FA218ECD034170C /* PFWeatherClientBasicImpl.m in Sources */,
				BA798CD2C01837FD3E6B9167 /* RXMLElement+PFWeatherReport.m in Sources */,
				BA798711EE4D26A67AB61DE4 /* PFForecastConditions.m in Sources */,
				6BE9230A15B29E56002EF310 /* PFCityDaoUserDefaultsImpl.m in Sources */,
				6BE9230B15B29E56002EF310 /* PFWeatherReportDaoFileSystemImpl.m in Sources */,
				BA7988BE2CA52AE73D4BB6F2 /* PFCoreComponents.m in Sources */,
				BA798B05BFE968110CD32813 /* UIFont+ApplicationFonts.m in Sources */,
				BA7983D9D89BC9024B1FCB17 /* PFAddCityViewController.m in Sources */,
				BA798AEDFC11905236E98CE3 /* PFCitiesListViewController.m in Sources */,
				BA7981261B5929B6EA923BD4 /* PFWeatherReportViewController.m in Sources */,
				BA7983310436F7ED629C7F11 /* PFWeatherReportView.m in Sources */,
				BA798479CEF2F6CFA15C8587 /* PFForecastTableViewCell.m in Sources */,
				BA7988B4C6492066F2440A11 /* PFCityLabelTableViewCell.m in Sources */,
				BA798EFDC1DE7FD4BABFFF0C /* PFRootViewController.m in Sources */,
				BA79826C1FDA74AFD7DE1593 /* PFProgressHUD.m in Sources */,
				BA798E50E8CFB5D7922B27DD /* PFViewControllers.m in Sources */,
				BA79816D9D9A069828A92239 /* PFThemeProvider.m in Sources */,
				BA798A54EBB46BF31180EAB1 /* PFTheme.m in Sources */,
				BA7989FB9D72895BE06997FA /* PFThemeFactory.m in Sources */,
			);
			runOnlyForDeploymentPostprocessing = 0;
		};
		6BE9746B15AF01A3004472E2 /* Sources */ = {
			isa = PBXSourcesBuildPhase;
			buildActionMask = 2147483647;
			files = (
				BA798591227D17C710EF6EBA /* PFTemperatureTests.m in Sources */,
				BA798E0566990B85665B89F7 /* PFWeatherClientTests.m in Sources */,
				BA798276304602804042C918 /* RXMLElement_PFWeatherReportSpec.m in Sources */,
				BA798BD20E9AD59DCED10715 /* PFCityDoaTests.m in Sources */,
				BA7982C1B1F1DB140D34225A /* PFWeatherReportDaoTests.m in Sources */,
				6BEE7B201699975D0042D0B5 /* RXMLElement+PFWeatherReport.m in Sources */,
				6BEE7B21169997620042D0B5 /* PFWeatherClientBasicImpl.m in Sources */,
				6BEE7B22169997680042D0B5 /* PFAppDelegate.m in Sources */,
				6BEE7B23169997720042D0B5 /* PFCityDaoUserDefaultsImpl.m in Sources */,
				6BEE7B24169997750042D0B5 /* PFWeatherReportDaoFileSystemImpl.m in Sources */,
				6BEE7B251699977A0042D0B5 /* PFForecastConditions.m in Sources */,
				6BEE7B261699977E0042D0B5 /* PFTemperature.m in Sources */,
				6BEE7B27169997800042D0B5 /* PFCurrentConditions.m in Sources */,
				6BEE7B28169997830042D0B5 /* PFWeatherReport.m in Sources */,
				BA798D7829AA98FC2948FED2 /* PFCoreComponents.m in Sources */,
				BA79840B7E9635B319BD482A /* UIFont+ApplicationFonts.m in Sources */,
				BA7985DDFC13965C2EDE6776 /* PFAddCityViewController.m in Sources */,
				BA798BC6AE76A4AB403C3CC2 /* PFCitiesListViewController.m in Sources */,
				BA7984FEB595CF405DD8D8E5 /* PFWeatherReportViewController.m in Sources */,
				BA7984A375CD08424E27EB80 /* PFWeatherReportView.m in Sources */,
				BA79896916B3EA70C74B2833 /* PFForecastTableViewCell.m in Sources */,
				BA798A9708B0163CBA69E00B /* PFCityLabelTableViewCell.m in Sources */,
				BA798E663A7A085466122E15 /* PFRootViewController.m in Sources */,
				BA7987170FCB82D10186BD1A /* PFProgressHUD.m in Sources */,
				BA7985D554ACC51A6379EADC /* PFViewControllers.m in Sources */,
				BA798897B89720C95EFCCD5E /* PFThemeProvider.m in Sources */,
				BA7988C50F17E0C5C9796BEB /* PFTheme.m in Sources */,
				BA798B9D3C5173A63A792E27 /* PFThemeFactory.m in Sources */,
			);
			runOnlyForDeploymentPostprocessing = 0;
		};
/* End PBXSourcesBuildPhase section */

/* Begin PBXTargetDependency section */
		6BE9747615AF01A3004472E2 /* PBXTargetDependency */ = {
			isa = PBXTargetDependency;
			target = 6BE9744E15AF01A3004472E2 /* PocketForecast */;
			targetProxy = 6BE9747515AF01A3004472E2 /* PBXContainerItemProxy */;
		};
/* End PBXTargetDependency section */

/* Begin PBXVariantGroup section */
		6BE9745C15AF01A3004472E2 /* InfoPlist.strings */ = {
			isa = PBXVariantGroup;
			children = (
				6BE9745D15AF01A3004472E2 /* en */,
			);
			name = InfoPlist.strings;
			sourceTree = "<group>";
		};
		6BE9747A15AF01A3004472E2 /* InfoPlist.strings */ = {
			isa = PBXVariantGroup;
			children = (
				6BE9747B15AF01A3004472E2 /* en */,
			);
			name = InfoPlist.strings;
			sourceTree = "<group>";
		};
/* End PBXVariantGroup section */

/* Begin XCBuildConfiguration section */
		6BE9748015AF01A3004472E2 /* Debug */ = {
			isa = XCBuildConfiguration;
			buildSettings = {
				ALWAYS_SEARCH_USER_PATHS = NO;
				ARCHS = "$(ARCHS_STANDARD_32_BIT)";
				CLANG_ENABLE_OBJC_ARC = YES;
				"CODE_SIGN_IDENTITY[sdk=iphoneos*]" = "iPhone Developer";
				COPY_PHASE_STRIP = NO;
				GCC_C_LANGUAGE_STANDARD = gnu99;
				GCC_DYNAMIC_NO_PIC = NO;
				GCC_OPTIMIZATION_LEVEL = 0;
				GCC_PREPROCESSOR_DEFINITIONS = (
					"DEBUG=1",
					"$(inherited)",
				);
				GCC_SYMBOLS_PRIVATE_EXTERN = NO;
				GCC_VERSION = com.apple.compilers.llvm.clang.1_0;
				GCC_WARN_ABOUT_RETURN_TYPE = YES;
				GCC_WARN_UNINITIALIZED_AUTOS = YES;
				GCC_WARN_UNUSED_VARIABLE = YES;
				IPHONEOS_DEPLOYMENT_TARGET = 5.1;
				SDKROOT = iphoneos;
			};
			name = Debug;
		};
		6BE9748115AF01A3004472E2 /* Release */ = {
			isa = XCBuildConfiguration;
			buildSettings = {
				ALWAYS_SEARCH_USER_PATHS = NO;
				ARCHS = "$(ARCHS_STANDARD_32_BIT)";
				CLANG_ENABLE_OBJC_ARC = YES;
				"CODE_SIGN_IDENTITY[sdk=iphoneos*]" = "iPhone Developer";
				COPY_PHASE_STRIP = YES;
				GCC_C_LANGUAGE_STANDARD = gnu99;
				GCC_VERSION = com.apple.compilers.llvm.clang.1_0;
				GCC_WARN_ABOUT_RETURN_TYPE = YES;
				GCC_WARN_UNINITIALIZED_AUTOS = YES;
				GCC_WARN_UNUSED_VARIABLE = YES;
				IPHONEOS_DEPLOYMENT_TARGET = 5.1;
				OTHER_CFLAGS = "-DNS_BLOCK_ASSERTIONS=1";
				SDKROOT = iphoneos;
				VALIDATE_PRODUCT = YES;
			};
			name = Release;
		};
		6BE9748315AF01A3004472E2 /* Debug */ = {
			isa = XCBuildConfiguration;
			baseConfigurationReference = BBD56735007547068B4E01EE /* Pods-PocketForecast.xcconfig */;
			buildSettings = {
				CODE_SIGN_IDENTITY = "iPhone Developer: Jasper Blues (9MHUZ2475N)";
				"CODE_SIGN_IDENTITY[sdk=iphoneos*]" = "iPhone Developer: Jasper Blues (9MHUZ2475N)";
				FRAMEWORK_SEARCH_PATHS = (
					"$(inherited)",
					"\"$(SRCROOT)/External\"",
				);
				GCC_GENERATE_TEST_COVERAGE_FILES = YES;
				GCC_INSTRUMENT_PROGRAM_FLOW_ARCS = YES;
				GCC_PRECOMPILE_PREFIX_HEADER = YES;
				GCC_PREFIX_HEADER = "PocketForecast/PocketForecast-Prefix.pch";
				HEADER_SEARCH_PATHS = "${SDKROOT}/usr/include/libxml2";
				INFOPLIST_FILE = "PocketForecast/PocketForecast-Info.plist";
				IPHONEOS_DEPLOYMENT_TARGET = 7.0;
				OTHER_LDFLAGS = (
					"-lxml2",
					"-all_load",
				);
				PRODUCT_NAME = PocketForecast;
				PROVISIONING_PROFILE = "73FC1C48-7BCB-482D-83CF-7C846522AB4A";
				"PROVISIONING_PROFILE[sdk=iphoneos*]" = "73FC1C48-7BCB-482D-83CF-7C846522AB4A";
				TARGETED_DEVICE_FAMILY = 1;
				USER_HEADER_SEARCH_PATHS = "\"${PROJECT_DIR}/Pods\"/**";
				WRAPPER_EXTENSION = app;
			};
			name = Debug;
		};
		6BE9748415AF01A3004472E2 /* Release */ = {
			isa = XCBuildConfiguration;
			baseConfigurationReference = BBD56735007547068B4E01EE /* Pods-PocketForecast.xcconfig */;
			buildSettings = {
				CODE_SIGN_IDENTITY = "iPhone Developer: Jasper Blues (9MHUZ2475N)";
				"CODE_SIGN_IDENTITY[sdk=iphoneos*]" = "iPhone Developer: Jasper Blues (9MHUZ2475N)";
				FRAMEWORK_SEARCH_PATHS = (
					"$(inherited)",
					"\"$(SRCROOT)/External\"",
				);
				GCC_GENERATE_TEST_COVERAGE_FILES = YES;
				GCC_INSTRUMENT_PROGRAM_FLOW_ARCS = YES;
				GCC_PRECOMPILE_PREFIX_HEADER = YES;
				GCC_PREFIX_HEADER = "PocketForecast/PocketForecast-Prefix.pch";
				HEADER_SEARCH_PATHS = "${SDKROOT}/usr/include/libxml2";
				INFOPLIST_FILE = "PocketForecast/PocketForecast-Info.plist";
				IPHONEOS_DEPLOYMENT_TARGET = 7.0;
				OTHER_LDFLAGS = (
					"-lxml2",
					"-all_load",
				);
				PRODUCT_NAME = PocketForecast;
				PROVISIONING_PROFILE = "73FC1C48-7BCB-482D-83CF-7C846522AB4A";
				"PROVISIONING_PROFILE[sdk=iphoneos*]" = "73FC1C48-7BCB-482D-83CF-7C846522AB4A";
				TARGETED_DEVICE_FAMILY = 1;
				USER_HEADER_SEARCH_PATHS = "\"${PROJECT_DIR}/Pods\"/**";
				WRAPPER_EXTENSION = app;
			};
			name = Release;
		};
		6BE9748615AF01A3004472E2 /* Debug */ = {
			isa = XCBuildConfiguration;
			baseConfigurationReference = E136BF8CD80B4650BB036CB5 /* Pods-PocketForecastTests.xcconfig */;
			buildSettings = {
				BUNDLE_LOADER = "$(BUILT_PRODUCTS_DIR)/PocketForecast.app/PocketForecast";
				FRAMEWORK_SEARCH_PATHS = (
					"$(SDKROOT)/Developer/Library/Frameworks",
					"$(DEVELOPER_LIBRARY_DIR)/Frameworks",
					"\"$(SRCROOT)/External\"",
					"\"$(SRCROOT)/PocketForecastTests\"",
				);
				GCC_GENERATE_TEST_COVERAGE_FILES = YES;
				GCC_INSTRUMENT_PROGRAM_FLOW_ARCS = YES;
				GCC_PRECOMPILE_PREFIX_HEADER = YES;
				GCC_PREFIX_HEADER = PocketForecastTests/Tests.pch;
				HEADER_SEARCH_PATHS = "${SDKROOT}/usr/include/libxml2";
				INFOPLIST_FILE = "PocketForecastTests/PocketForecastTests-Info.plist";
				OTHER_LDFLAGS = (
					"-lxml2",
					"-Obj-c",
				);
				PRODUCT_NAME = "$(TARGET_NAME)";
				TEST_AFTER_BUILD = YES;
				TEST_HOST = "$(BUNDLE_LOADER)";
				USER_HEADER_SEARCH_PATHS = "\"${PROJECT_DIR}/Pods\"/**";
				WRAPPER_EXTENSION = octest;
			};
			name = Debug;
		};
		6BE9748715AF01A3004472E2 /* Release */ = {
			isa = XCBuildConfiguration;
			baseConfigurationReference = E136BF8CD80B4650BB036CB5 /* Pods-PocketForecastTests.xcconfig */;
			buildSettings = {
				BUNDLE_LOADER = "$(BUILT_PRODUCTS_DIR)/PocketForecast.app/PocketForecast";
				FRAMEWORK_SEARCH_PATHS = (
					"$(SDKROOT)/Developer/Library/Frameworks",
					"$(DEVELOPER_LIBRARY_DIR)/Frameworks",
					"\"$(SRCROOT)/External\"",
					"\"$(SRCROOT)/PocketForecastTests\"",
				);
				GCC_GENERATE_TEST_COVERAGE_FILES = YES;
				GCC_INSTRUMENT_PROGRAM_FLOW_ARCS = YES;
				GCC_PRECOMPILE_PREFIX_HEADER = YES;
				GCC_PREFIX_HEADER = PocketForecastTests/Tests.pch;
				HEADER_SEARCH_PATHS = "${SDKROOT}/usr/include/libxml2";
				INFOPLIST_FILE = "PocketForecastTests/PocketForecastTests-Info.plist";
				OTHER_LDFLAGS = (
					"-lxml2",
					"-Obj-c",
				);
				PRODUCT_NAME = "$(TARGET_NAME)";
				TEST_AFTER_BUILD = YES;
				TEST_HOST = "$(BUNDLE_LOADER)";
				USER_HEADER_SEARCH_PATHS = "\"${PROJECT_DIR}/Pods\"/**";
				WRAPPER_EXTENSION = octest;
			};
			name = Release;
		};
/* End XCBuildConfiguration section */

/* Begin XCConfigurationList section */
		6BE9744915AF01A3004472E2 /* Build configuration list for PBXProject "PocketForecast" */ = {
			isa = XCConfigurationList;
			buildConfigurations = (
				6BE9748015AF01A3004472E2 /* Debug */,
				6BE9748115AF01A3004472E2 /* Release */,
			);
			defaultConfigurationIsVisible = 0;
			defaultConfigurationName = Release;
		};
		6BE9748215AF01A3004472E2 /* Build configuration list for PBXNativeTarget "PocketForecast" */ = {
			isa = XCConfigurationList;
			buildConfigurations = (
				6BE9748315AF01A3004472E2 /* Debug */,
				6BE9748415AF01A3004472E2 /* Release */,
			);
			defaultConfigurationIsVisible = 0;
			defaultConfigurationName = Release;
		};
		6BE9748515AF01A3004472E2 /* Build configuration list for PBXNativeTarget "PocketForecastTests" */ = {
			isa = XCConfigurationList;
			buildConfigurations = (
				6BE9748615AF01A3004472E2 /* Debug */,
				6BE9748715AF01A3004472E2 /* Release */,
			);
			defaultConfigurationIsVisible = 0;
			defaultConfigurationName = Release;
		};
/* End XCConfigurationList section */
	};
	rootObject = 6BE9744615AF01A3004472E2 /* Project object */;
}
